// !$*UTF8*$!
{
	archiveVersion = 1;
	classes = {
	};
	objectVersion = 47;
	objects = {

/* Begin PBXBuildFile section */
		0924272E1B62F46600D568DE /* DMYAudioViewController.m in Sources */ = {isa = PBXBuildFile; fileRef = 0924272D1B62F46600D568DE /* DMYAudioViewController.m */; };
		093B9AF81B50E2D500C2ABD0 /* DMYAppDelegate.m in Sources */ = {isa = PBXBuildFile; fileRef = 093B9AF71B50E2D500C2ABD0 /* DMYAppDelegate.m */; };
		093B9AFA1B50E2D500C2ABD0 /* main.m in Sources */ = {isa = PBXBuildFile; fileRef = 093B9AF91B50E2D500C2ABD0 /* main.m */; };
		093B9AFD1B50E2D500C2ABD0 /* DMYMainWindowViewController.m in Sources */ = {isa = PBXBuildFile; fileRef = 093B9AFC1B50E2D500C2ABD0 /* DMYMainWindowViewController.m */; };
		093B9AFF1B50E2D500C2ABD0 /* Images.xcassets in Resources */ = {isa = PBXBuildFile; fileRef = 093B9AFE1B50E2D500C2ABD0 /* Images.xcassets */; };
		093B9B021B50E2D500C2ABD0 /* Main.storyboard in Resources */ = {isa = PBXBuildFile; fileRef = 093B9B001B50E2D500C2ABD0 /* Main.storyboard */; };
		093B9B0E1B50E2D500C2ABD0 /* DummyTests.m in Sources */ = {isa = PBXBuildFile; fileRef = 093B9B0D1B50E2D500C2ABD0 /* DummyTests.m */; };
		093B9B191B50E3BD00C2ABD0 /* DMYGatewayHandler.m in Sources */ = {isa = PBXBuildFile; fileRef = 093B9B181B50E3BD00C2ABD0 /* DMYGatewayHandler.m */; };
		093B9B1D1B52DBA000C2ABD0 /* DMYDV3KVocoder.m in Sources */ = {isa = PBXBuildFile; fileRef = 093B9B1C1B52DBA000C2ABD0 /* DMYDV3KVocoder.m */; };
		0954910B1B64A78100A57FD2 /* DMYApplication.m in Sources */ = {isa = PBXBuildFile; fileRef = 0954910A1B64A78100A57FD2 /* DMYApplication.m */; };
		0954911B1B64B5B600A57FD2 /* DMYGeneralPreferencesController.m in Sources */ = {isa = PBXBuildFile; fileRef = 0954911A1B64B5B600A57FD2 /* DMYGeneralPreferencesController.m */; };
		095491281B64B8B100A57FD2 /* MASShortcut.framework in Frameworks */ = {isa = PBXBuildFile; fileRef = 095491231B64B8A900A57FD2 /* MASShortcut.framework */; };
		095C3FAF1B5DA04200307A7C /* TPCircularBuffer+AudioBufferList.c in Sources */ = {isa = PBXBuildFile; fileRef = 095C3FAD1B5DA04200307A7C /* TPCircularBuffer+AudioBufferList.c */; };
		096F2B5A1B58C06E00766A95 /* DMYCallFormatter.m in Sources */ = {isa = PBXBuildFile; fileRef = 096F2B591B58C06E00766A95 /* DMYCallFormatter.m */; };
		096F2B5C1B58ED1B00766A95 /* DefaultPreferences.plist in Resources */ = {isa = PBXBuildFile; fileRef = 096F2B5B1B58ED1B00766A95 /* DefaultPreferences.plist */; };
		09A5FDEE1B5794FA00AE9E1C /* TPCircularBuffer.c in Sources */ = {isa = PBXBuildFile; fileRef = 09A5FDEC1B5794FA00AE9E1C /* TPCircularBuffer.c */; };
		09A5FDF11B57956A00AE9E1C /* DMYAudioHandler.m in Sources */ = {isa = PBXBuildFile; fileRef = 09A5FDF01B57956A00AE9E1C /* DMYAudioHandler.m */; };
		09AB117B1B5A13970067B9FB /* DMYVocoderViewController.m in Sources */ = {isa = PBXBuildFile; fileRef = 09AB11791B5A13970067B9FB /* DMYVocoderViewController.m */; };
/* End PBXBuildFile section */

/* Begin PBXContainerItemProxy section */
		093B9B081B50E2D500C2ABD0 /* PBXContainerItemProxy */ = {
			isa = PBXContainerItemProxy;
			containerPortal = 093B9AE91B50E2D400C2ABD0 /* Project object */;
			proxyType = 1;
			remoteGlobalIDString = 093B9AF01B50E2D500C2ABD0;
			remoteInfo = Dummy;
		};
		095491221B64B8A900A57FD2 /* PBXContainerItemProxy */ = {
			isa = PBXContainerItemProxy;
			containerPortal = 0954911C1B64B8A800A57FD2 /* MASShortcut.xcodeproj */;
			proxyType = 2;
			remoteGlobalIDString = 0D827CD31990D4420010B8EF;
			remoteInfo = MASShortcut;
		};
		095491241B64B8A900A57FD2 /* PBXContainerItemProxy */ = {
			isa = PBXContainerItemProxy;
			containerPortal = 0954911C1B64B8A800A57FD2 /* MASShortcut.xcodeproj */;
			proxyType = 2;
			remoteGlobalIDString = 0D827D8319910AFF0010B8EF;
			remoteInfo = MASShortcutTests;
		};
		095491261B64B8A900A57FD2 /* PBXContainerItemProxy */ = {
			isa = PBXContainerItemProxy;
			containerPortal = 0954911C1B64B8A800A57FD2 /* MASShortcut.xcodeproj */;
			proxyType = 2;
			remoteGlobalIDString = 0D827D371990D5E70010B8EF;
			remoteInfo = Demo;
		};
/* End PBXContainerItemProxy section */

/* Begin PBXFileReference section */
		0924272C1B62F46600D568DE /* DMYAudioViewController.h */ = {isa = PBXFileReference; fileEncoding = 4; lastKnownFileType = sourcecode.c.h; path = DMYAudioViewController.h; sourceTree = "<group>"; };
		0924272D1B62F46600D568DE /* DMYAudioViewController.m */ = {isa = PBXFileReference; fileEncoding = 4; lastKnownFileType = sourcecode.c.objc; path = DMYAudioViewController.m; sourceTree = "<group>"; };
		093B9AF11B50E2D500C2ABD0 /* Dummy.app */ = {isa = PBXFileReference; explicitFileType = wrapper.application; includeInIndex = 0; path = Dummy.app; sourceTree = BUILT_PRODUCTS_DIR; };
		093B9AF51B50E2D500C2ABD0 /* Info.plist */ = {isa = PBXFileReference; lastKnownFileType = text.plist.xml; path = Info.plist; sourceTree = "<group>"; };
		093B9AF61B50E2D500C2ABD0 /* DMYAppDelegate.h */ = {isa = PBXFileReference; lastKnownFileType = sourcecode.c.h; path = DMYAppDelegate.h; sourceTree = "<group>"; };
		093B9AF71B50E2D500C2ABD0 /* DMYAppDelegate.m */ = {isa = PBXFileReference; lastKnownFileType = sourcecode.c.objc; path = DMYAppDelegate.m; sourceTree = "<group>"; };
		093B9AF91B50E2D500C2ABD0 /* main.m */ = {isa = PBXFileReference; lastKnownFileType = sourcecode.c.objc; path = main.m; sourceTree = "<group>"; };
		093B9AFB1B50E2D500C2ABD0 /* DMYMainWindowViewController.h */ = {isa = PBXFileReference; lastKnownFileType = sourcecode.c.h; path = DMYMainWindowViewController.h; sourceTree = "<group>"; };
		093B9AFC1B50E2D500C2ABD0 /* DMYMainWindowViewController.m */ = {isa = PBXFileReference; lastKnownFileType = sourcecode.c.objc; path = DMYMainWindowViewController.m; sourceTree = "<group>"; };
		093B9AFE1B50E2D500C2ABD0 /* Images.xcassets */ = {isa = PBXFileReference; lastKnownFileType = folder.assetcatalog; path = Images.xcassets; sourceTree = "<group>"; };
		093B9B011B50E2D500C2ABD0 /* Base */ = {isa = PBXFileReference; lastKnownFileType = file.storyboard; name = Base; path = Base.lproj/Main.storyboard; sourceTree = "<group>"; };
		093B9B071B50E2D500C2ABD0 /* DummyTests.xctest */ = {isa = PBXFileReference; explicitFileType = wrapper.cfbundle; includeInIndex = 0; path = DummyTests.xctest; sourceTree = BUILT_PRODUCTS_DIR; };
		093B9B0C1B50E2D500C2ABD0 /* Info.plist */ = {isa = PBXFileReference; lastKnownFileType = text.plist.xml; path = Info.plist; sourceTree = "<group>"; };
		093B9B0D1B50E2D500C2ABD0 /* DummyTests.m */ = {isa = PBXFileReference; lastKnownFileType = sourcecode.c.objc; path = DummyTests.m; sourceTree = "<group>"; };
		093B9B171B50E3BD00C2ABD0 /* DMYGatewayHandler.h */ = {isa = PBXFileReference; fileEncoding = 4; lastKnownFileType = sourcecode.c.h; path = DMYGatewayHandler.h; sourceTree = "<group>"; };
		093B9B181B50E3BD00C2ABD0 /* DMYGatewayHandler.m */ = {isa = PBXFileReference; fileEncoding = 4; lastKnownFileType = sourcecode.c.objc; path = DMYGatewayHandler.m; sourceTree = "<group>"; };
		093B9B1A1B5214C700C2ABD0 /* DMYVocoderProtocol.h */ = {isa = PBXFileReference; lastKnownFileType = sourcecode.c.h; path = DMYVocoderProtocol.h; sourceTree = "<group>"; };
		093B9B1B1B52DBA000C2ABD0 /* DMYDV3KVocoder.h */ = {isa = PBXFileReference; fileEncoding = 4; lastKnownFileType = sourcecode.c.h; path = DMYDV3KVocoder.h; sourceTree = "<group>"; };
		093B9B1C1B52DBA000C2ABD0 /* DMYDV3KVocoder.m */ = {isa = PBXFileReference; fileEncoding = 4; lastKnownFileType = sourcecode.c.objc; path = DMYDV3KVocoder.m; sourceTree = "<group>"; };
		095491091B64A78100A57FD2 /* DMYApplication.h */ = {isa = PBXFileReference; fileEncoding = 4; lastKnownFileType = sourcecode.c.h; path = DMYApplication.h; sourceTree = "<group>"; };
		0954910A1B64A78100A57FD2 /* DMYApplication.m */ = {isa = PBXFileReference; fileEncoding = 4; lastKnownFileType = sourcecode.c.objc; path = DMYApplication.m; sourceTree = "<group>"; };
		095491191B64B5B600A57FD2 /* DMYGeneralPreferencesController.h */ = {isa = PBXFileReference; fileEncoding = 4; lastKnownFileType = sourcecode.c.h; path = DMYGeneralPreferencesController.h; sourceTree = "<group>"; };
		0954911A1B64B5B600A57FD2 /* DMYGeneralPreferencesController.m */ = {isa = PBXFileReference; fileEncoding = 4; lastKnownFileType = sourcecode.c.objc; path = DMYGeneralPreferencesController.m; sourceTree = "<group>"; };
		0954911C1B64B8A800A57FD2 /* MASShortcut.xcodeproj */ = {isa = PBXFileReference; lastKnownFileType = "wrapper.pb-project"; name = MASShortcut.xcodeproj; path = MASShortcut/MASShortcut.xcodeproj; sourceTree = "<group>"; };
		095C3FAD1B5DA04200307A7C /* TPCircularBuffer+AudioBufferList.c */ = {isa = PBXFileReference; fileEncoding = 4; lastKnownFileType = sourcecode.c.c; path = "TPCircularBuffer+AudioBufferList.c"; sourceTree = "<group>"; };
		095C3FAE1B5DA04200307A7C /* TPCircularBuffer+AudioBufferList.h */ = {isa = PBXFileReference; fileEncoding = 4; lastKnownFileType = sourcecode.c.h; path = "TPCircularBuffer+AudioBufferList.h"; sourceTree = "<group>"; };
		096F2B581B58C06E00766A95 /* DMYCallFormatter.h */ = {isa = PBXFileReference; fileEncoding = 4; lastKnownFileType = sourcecode.c.h; path = DMYCallFormatter.h; sourceTree = "<group>"; };
		096F2B591B58C06E00766A95 /* DMYCallFormatter.m */ = {isa = PBXFileReference; fileEncoding = 4; lastKnownFileType = sourcecode.c.objc; path = DMYCallFormatter.m; sourceTree = "<group>"; };
		096F2B5B1B58ED1B00766A95 /* DefaultPreferences.plist */ = {isa = PBXFileReference; fileEncoding = 4; lastKnownFileType = text.plist.xml; path = DefaultPreferences.plist; sourceTree = "<group>"; };
		09A5FDEC1B5794FA00AE9E1C /* TPCircularBuffer.c */ = {isa = PBXFileReference; fileEncoding = 4; lastKnownFileType = sourcecode.c.c; path = TPCircularBuffer.c; sourceTree = "<group>"; };
		09A5FDED1B5794FA00AE9E1C /* TPCircularBuffer.h */ = {isa = PBXFileReference; fileEncoding = 4; lastKnownFileType = sourcecode.c.h; path = TPCircularBuffer.h; sourceTree = "<group>"; };
		09A5FDEF1B57956A00AE9E1C /* DMYAudioHandler.h */ = {isa = PBXFileReference; fileEncoding = 4; lastKnownFileType = sourcecode.c.h; path = DMYAudioHandler.h; sourceTree = "<group>"; };
		09A5FDF01B57956A00AE9E1C /* DMYAudioHandler.m */ = {isa = PBXFileReference; fileEncoding = 4; lastKnownFileType = sourcecode.c.objc; path = DMYAudioHandler.m; sourceTree = "<group>"; };
		09AB11781B5A13970067B9FB /* DMYVocoderViewController.h */ = {isa = PBXFileReference; fileEncoding = 4; lastKnownFileType = sourcecode.c.h; path = DMYVocoderViewController.h; sourceTree = "<group>"; };
		09AB11791B5A13970067B9FB /* DMYVocoderViewController.m */ = {isa = PBXFileReference; fileEncoding = 4; lastKnownFileType = sourcecode.c.objc; path = DMYVocoderViewController.m; sourceTree = "<group>"; };
		09AB117A1B5A13970067B9FB /* Prefix.pch */ = {isa = PBXFileReference; fileEncoding = 4; lastKnownFileType = sourcecode.c.h; path = Prefix.pch; sourceTree = "<group>"; };
/* End PBXFileReference section */

/* Begin PBXFrameworksBuildPhase section */
		093B9AEE1B50E2D500C2ABD0 /* Frameworks */ = {
			isa = PBXFrameworksBuildPhase;
			buildActionMask = 2147483647;
			files = (
				095491281B64B8B100A57FD2 /* MASShortcut.framework in Frameworks */,
			);
			runOnlyForDeploymentPostprocessing = 0;
		};
		093B9B041B50E2D500C2ABD0 /* Frameworks */ = {
			isa = PBXFrameworksBuildPhase;
			buildActionMask = 2147483647;
			files = (
			);
			runOnlyForDeploymentPostprocessing = 0;
		};
/* End PBXFrameworksBuildPhase section */

/* Begin PBXGroup section */
		093B9AE81B50E2D400C2ABD0 = {
			isa = PBXGroup;
			children = (
				0954911C1B64B8A800A57FD2 /* MASShortcut.xcodeproj */,
				093B9AF31B50E2D500C2ABD0 /* Dummy */,
				093B9B0A1B50E2D500C2ABD0 /* DummyTests */,
				093B9AF21B50E2D500C2ABD0 /* Products */,
			);
			sourceTree = "<group>";
		};
		093B9AF21B50E2D500C2ABD0 /* Products */ = {
			isa = PBXGroup;
			children = (
				093B9AF11B50E2D500C2ABD0 /* Dummy.app */,
				093B9B071B50E2D500C2ABD0 /* DummyTests.xctest */,
			);
			name = Products;
			sourceTree = "<group>";
		};
		093B9AF31B50E2D500C2ABD0 /* Dummy */ = {
			isa = PBXGroup;
			children = (
				09AB117A1B5A13970067B9FB /* Prefix.pch */,
				095491091B64A78100A57FD2 /* DMYApplication.h */,
				0954910A1B64A78100A57FD2 /* DMYApplication.m */,
				093B9AF61B50E2D500C2ABD0 /* DMYAppDelegate.h */,
				093B9AF71B50E2D500C2ABD0 /* DMYAppDelegate.m */,
				096F2B581B58C06E00766A95 /* DMYCallFormatter.h */,
				096F2B591B58C06E00766A95 /* DMYCallFormatter.m */,
				09AB11781B5A13970067B9FB /* DMYVocoderViewController.h */,
				09AB11791B5A13970067B9FB /* DMYVocoderViewController.m */,
				0924272C1B62F46600D568DE /* DMYAudioViewController.h */,
				0924272D1B62F46600D568DE /* DMYAudioViewController.m */,
				095491191B64B5B600A57FD2 /* DMYGeneralPreferencesController.h */,
				0954911A1B64B5B600A57FD2 /* DMYGeneralPreferencesController.m */,
				093B9AFB1B50E2D500C2ABD0 /* DMYMainWindowViewController.h */,
				093B9AFC1B50E2D500C2ABD0 /* DMYMainWindowViewController.m */,
				09A5FDED1B5794FA00AE9E1C /* TPCircularBuffer.h */,
				09A5FDEC1B5794FA00AE9E1C /* TPCircularBuffer.c */,
				095C3FAD1B5DA04200307A7C /* TPCircularBuffer+AudioBufferList.c */,
				095C3FAE1B5DA04200307A7C /* TPCircularBuffer+AudioBufferList.h */,
				093B9B1A1B5214C700C2ABD0 /* DMYVocoderProtocol.h */,
				093B9B171B50E3BD00C2ABD0 /* DMYGatewayHandler.h */,
				093B9B181B50E3BD00C2ABD0 /* DMYGatewayHandler.m */,
				093B9B1B1B52DBA000C2ABD0 /* DMYDV3KVocoder.h */,
				093B9B1C1B52DBA000C2ABD0 /* DMYDV3KVocoder.m */,
				09A5FDEF1B57956A00AE9E1C /* DMYAudioHandler.h */,
				09A5FDF01B57956A00AE9E1C /* DMYAudioHandler.m */,
				093B9AFE1B50E2D500C2ABD0 /* Images.xcassets */,
				093B9B001B50E2D500C2ABD0 /* Main.storyboard */,
				093B9AF41B50E2D500C2ABD0 /* Supporting Files */,
			);
			path = Dummy;
			sourceTree = "<group>";
		};
		093B9AF41B50E2D500C2ABD0 /* Supporting Files */ = {
			isa = PBXGroup;
			children = (
				093B9AF51B50E2D500C2ABD0 /* Info.plist */,
				093B9AF91B50E2D500C2ABD0 /* main.m */,
				096F2B5B1B58ED1B00766A95 /* DefaultPreferences.plist */,
			);
			name = "Supporting Files";
			sourceTree = "<group>";
		};
		093B9B0A1B50E2D500C2ABD0 /* DummyTests */ = {
			isa = PBXGroup;
			children = (
				093B9B0D1B50E2D500C2ABD0 /* DummyTests.m */,
				093B9B0B1B50E2D500C2ABD0 /* Supporting Files */,
			);
			path = DummyTests;
			sourceTree = "<group>";
		};
		093B9B0B1B50E2D500C2ABD0 /* Supporting Files */ = {
			isa = PBXGroup;
			children = (
				093B9B0C1B50E2D500C2ABD0 /* Info.plist */,
			);
			name = "Supporting Files";
			sourceTree = "<group>";
		};
		0954911D1B64B8A800A57FD2 /* Products */ = {
			isa = PBXGroup;
			children = (
				095491231B64B8A900A57FD2 /* MASShortcut.framework */,
				095491251B64B8A900A57FD2 /* Tests.xctest */,
				095491271B64B8A900A57FD2 /* Demo.app */,
			);
			name = Products;
			sourceTree = "<group>";
		};
/* End PBXGroup section */

/* Begin PBXNativeTarget section */
		093B9AF01B50E2D500C2ABD0 /* Dummy */ = {
			isa = PBXNativeTarget;
			buildConfigurationList = 093B9B111B50E2D500C2ABD0 /* Build configuration list for PBXNativeTarget "Dummy" */;
			buildPhases = (
				093B9AED1B50E2D500C2ABD0 /* Sources */,
				093B9AEE1B50E2D500C2ABD0 /* Frameworks */,
				093B9AEF1B50E2D500C2ABD0 /* Resources */,
			);
			buildRules = (
			);
			dependencies = (
			);
			name = Dummy;
			productName = Dummy;
			productReference = 093B9AF11B50E2D500C2ABD0 /* Dummy.app */;
			productType = "com.apple.product-type.application";
		};
		093B9B061B50E2D500C2ABD0 /* DummyTests */ = {
			isa = PBXNativeTarget;
			buildConfigurationList = 093B9B141B50E2D500C2ABD0 /* Build configuration list for PBXNativeTarget "DummyTests" */;
			buildPhases = (
				093B9B031B50E2D500C2ABD0 /* Sources */,
				093B9B041B50E2D500C2ABD0 /* Frameworks */,
				093B9B051B50E2D500C2ABD0 /* Resources */,
			);
			buildRules = (
			);
			dependencies = (
				093B9B091B50E2D500C2ABD0 /* PBXTargetDependency */,
			);
			name = DummyTests;
			productName = DummyTests;
			productReference = 093B9B071B50E2D500C2ABD0 /* DummyTests.xctest */;
			productType = "com.apple.product-type.bundle.unit-test";
		};
/* End PBXNativeTarget section */

/* Begin PBXProject section */
		093B9AE91B50E2D400C2ABD0 /* Project object */ = {
			isa = PBXProject;
			attributes = {
				CLASSPREFIX = DMY;
				LastUpgradeCheck = 0640;
				ORGANIZATIONNAME = NH6Z;
				TargetAttributes = {
					093B9AF01B50E2D500C2ABD0 = {
						CreatedOnToolsVersion = 6.4;
					};
					093B9B061B50E2D500C2ABD0 = {
						CreatedOnToolsVersion = 6.4;
						TestTargetID = 093B9AF01B50E2D500C2ABD0;
					};
				};
			};
			buildConfigurationList = 093B9AEC1B50E2D400C2ABD0 /* Build configuration list for PBXProject "Dummy" */;
			compatibilityVersion = "Xcode 6.3";
			developmentRegion = English;
			hasScannedForEncodings = 0;
			knownRegions = (
				en,
				Base,
			);
			mainGroup = 093B9AE81B50E2D400C2ABD0;
			productRefGroup = 093B9AF21B50E2D500C2ABD0 /* Products */;
			projectDirPath = "";
			projectReferences = (
				{
					ProductGroup = 0954911D1B64B8A800A57FD2 /* Products */;
					ProjectRef = 0954911C1B64B8A800A57FD2 /* MASShortcut.xcodeproj */;
				},
			);
			projectRoot = "";
			targets = (
				093B9AF01B50E2D500C2ABD0 /* Dummy */,
				093B9B061B50E2D500C2ABD0 /* DummyTests */,
			);
		};
/* End PBXProject section */

/* Begin PBXReferenceProxy section */
		095491231B64B8A900A57FD2 /* MASShortcut.framework */ = {
			isa = PBXReferenceProxy;
			fileType = wrapper.framework;
			path = MASShortcut.framework;
			remoteRef = 095491221B64B8A900A57FD2 /* PBXContainerItemProxy */;
			sourceTree = BUILT_PRODUCTS_DIR;
		};
		095491251B64B8A900A57FD2 /* Tests.xctest */ = {
			isa = PBXReferenceProxy;
			fileType = wrapper.cfbundle;
			name = Tests.xctest;
			path = MASShortcutTests.xctest;
			remoteRef = 095491241B64B8A900A57FD2 /* PBXContainerItemProxy */;
			sourceTree = BUILT_PRODUCTS_DIR;
		};
		095491271B64B8A900A57FD2 /* Demo.app */ = {
			isa = PBXReferenceProxy;
			fileType = wrapper.application;
			path = Demo.app;
			remoteRef = 095491261B64B8A900A57FD2 /* PBXContainerItemProxy */;
			sourceTree = BUILT_PRODUCTS_DIR;
		};
/* End PBXReferenceProxy section */

/* Begin PBXResourcesBuildPhase section */
		093B9AEF1B50E2D500C2ABD0 /* Resources */ = {
			isa = PBXResourcesBuildPhase;
			buildActionMask = 2147483647;
			files = (
				093B9AFF1B50E2D500C2ABD0 /* Images.xcassets in Resources */,
				093B9B021B50E2D500C2ABD0 /* Main.storyboard in Resources */,
				096F2B5C1B58ED1B00766A95 /* DefaultPreferences.plist in Resources */,
			);
			runOnlyForDeploymentPostprocessing = 0;
		};
		093B9B051B50E2D500C2ABD0 /* Resources */ = {
			isa = PBXResourcesBuildPhase;
			buildActionMask = 2147483647;
			files = (
			);
			runOnlyForDeploymentPostprocessing = 0;
		};
/* End PBXResourcesBuildPhase section */

/* Begin PBXSourcesBuildPhase section */
		093B9AED1B50E2D500C2ABD0 /* Sources */ = {
			isa = PBXSourcesBuildPhase;
			buildActionMask = 2147483647;
			files = (
				09A5FDEE1B5794FA00AE9E1C /* TPCircularBuffer.c in Sources */,
				093B9B191B50E3BD00C2ABD0 /* DMYGatewayHandler.m in Sources */,
				0954911B1B64B5B600A57FD2 /* DMYGeneralPreferencesController.m in Sources */,
				09AB117B1B5A13970067B9FB /* DMYVocoderViewController.m in Sources */,
				095C3FAF1B5DA04200307A7C /* TPCircularBuffer+AudioBufferList.c in Sources */,
				093B9B1D1B52DBA000C2ABD0 /* DMYDV3KVocoder.m in Sources */,
				093B9AFD1B50E2D500C2ABD0 /* DMYMainWindowViewController.m in Sources */,
				093B9AFA1B50E2D500C2ABD0 /* main.m in Sources */,
				09A5FDF11B57956A00AE9E1C /* DMYAudioHandler.m in Sources */,
				093B9AF81B50E2D500C2ABD0 /* DMYAppDelegate.m in Sources */,
				0954910B1B64A78100A57FD2 /* DMYApplication.m in Sources */,
				096F2B5A1B58C06E00766A95 /* DMYCallFormatter.m in Sources */,
				0924272E1B62F46600D568DE /* DMYAudioViewController.m in Sources */,
			);
			runOnlyForDeploymentPostprocessing = 0;
		};
		093B9B031B50E2D500C2ABD0 /* Sources */ = {
			isa = PBXSourcesBuildPhase;
			buildActionMask = 2147483647;
			files = (
				093B9B0E1B50E2D500C2ABD0 /* DummyTests.m in Sources */,
			);
			runOnlyForDeploymentPostprocessing = 0;
		};
/* End PBXSourcesBuildPhase section */

/* Begin PBXTargetDependency section */
		093B9B091B50E2D500C2ABD0 /* PBXTargetDependency */ = {
			isa = PBXTargetDependency;
			target = 093B9AF01B50E2D500C2ABD0 /* Dummy */;
			targetProxy = 093B9B081B50E2D500C2ABD0 /* PBXContainerItemProxy */;
		};
/* End PBXTargetDependency section */

/* Begin PBXVariantGroup section */
		093B9B001B50E2D500C2ABD0 /* Main.storyboard */ = {
			isa = PBXVariantGroup;
			children = (
				093B9B011B50E2D500C2ABD0 /* Base */,
			);
			name = Main.storyboard;
			sourceTree = "<group>";
		};
/* End PBXVariantGroup section */

/* Begin XCBuildConfiguration section */
		093B9B0F1B50E2D500C2ABD0 /* Debug */ = {
			isa = XCBuildConfiguration;
			buildSettings = {
				ALWAYS_SEARCH_USER_PATHS = NO;
				CLANG_CXX_LANGUAGE_STANDARD = "gnu++0x";
				CLANG_CXX_LIBRARY = "libc++";
				CLANG_ENABLE_MODULES = YES;
				CLANG_ENABLE_OBJC_ARC = YES;
				CLANG_WARN_BOOL_CONVERSION = YES;
				CLANG_WARN_CONSTANT_CONVERSION = YES;
				CLANG_WARN_DIRECT_OBJC_ISA_USAGE = YES_ERROR;
				CLANG_WARN_EMPTY_BODY = YES;
				CLANG_WARN_ENUM_CONVERSION = YES;
				CLANG_WARN_INT_CONVERSION = YES;
				CLANG_WARN_OBJC_ROOT_CLASS = YES_ERROR;
				CLANG_WARN_UNREACHABLE_CODE = YES;
				CLANG_WARN__DUPLICATE_METHOD_MATCH = YES;
				CODE_SIGN_IDENTITY = "-";
				COPY_PHASE_STRIP = NO;
				DEBUG_INFORMATION_FORMAT = dwarf;
				ENABLE_STRICT_OBJC_MSGSEND = YES;
				GCC_C_LANGUAGE_STANDARD = gnu99;
				GCC_DYNAMIC_NO_PIC = NO;
				GCC_NO_COMMON_BLOCKS = YES;
				GCC_OPTIMIZATION_LEVEL = 0;
				GCC_PREPROCESSOR_DEFINITIONS = (
					"DEBUG=1",
					"$(inherited)",
				);
				GCC_SYMBOLS_PRIVATE_EXTERN = NO;
				GCC_WARN_64_TO_32_BIT_CONVERSION = YES;
				GCC_WARN_ABOUT_RETURN_TYPE = YES_ERROR;
				GCC_WARN_UNDECLARED_SELECTOR = YES;
				GCC_WARN_UNINITIALIZED_AUTOS = YES_AGGRESSIVE;
				GCC_WARN_UNUSED_FUNCTION = YES;
				GCC_WARN_UNUSED_VARIABLE = YES;
				MACOSX_DEPLOYMENT_TARGET = 10.10;
				MTL_ENABLE_DEBUG_INFO = YES;
				ONLY_ACTIVE_ARCH = YES;
				SDKROOT = macosx;
			};
			name = Debug;
		};
		093B9B101B50E2D500C2ABD0 /* Release */ = {
			isa = XCBuildConfiguration;
			buildSettings = {
				ALWAYS_SEARCH_USER_PATHS = NO;
				CLANG_CXX_LANGUAGE_STANDARD = "gnu++0x";
				CLANG_CXX_LIBRARY = "libc++";
				CLANG_ENABLE_MODULES = YES;
				CLANG_ENABLE_OBJC_ARC = YES;
				CLANG_WARN_BOOL_CONVERSION = YES;
				CLANG_WARN_CONSTANT_CONVERSION = YES;
				CLANG_WARN_DIRECT_OBJC_ISA_USAGE = YES_ERROR;
				CLANG_WARN_EMPTY_BODY = YES;
				CLANG_WARN_ENUM_CONVERSION = YES;
				CLANG_WARN_INT_CONVERSION = YES;
				CLANG_WARN_OBJC_ROOT_CLASS = YES_ERROR;
				CLANG_WARN_UNREACHABLE_CODE = YES;
				CLANG_WARN__DUPLICATE_METHOD_MATCH = YES;
				CODE_SIGN_IDENTITY = "-";
				COPY_PHASE_STRIP = NO;
				DEBUG_INFORMATION_FORMAT = "dwarf-with-dsym";
				ENABLE_NS_ASSERTIONS = NO;
				ENABLE_STRICT_OBJC_MSGSEND = YES;
				GCC_C_LANGUAGE_STANDARD = gnu99;
				GCC_NO_COMMON_BLOCKS = YES;
				GCC_WARN_64_TO_32_BIT_CONVERSION = YES;
				GCC_WARN_ABOUT_RETURN_TYPE = YES_ERROR;
				GCC_WARN_UNDECLARED_SELECTOR = YES;
				GCC_WARN_UNINITIALIZED_AUTOS = YES_AGGRESSIVE;
				GCC_WARN_UNUSED_FUNCTION = YES;
				GCC_WARN_UNUSED_VARIABLE = YES;
				MACOSX_DEPLOYMENT_TARGET = 10.10;
				MTL_ENABLE_DEBUG_INFO = NO;
				SDKROOT = macosx;
			};
			name = Release;
		};
		093B9B121B50E2D500C2ABD0 /* Debug */ = {
			isa = XCBuildConfiguration;
			buildSettings = {
				ASSETCATALOG_COMPILER_APPICON_NAME = AppIcon;
				CLANG_WARN_ASSIGN_ENUM = YES;
				CLANG_WARN_IMPLICIT_SIGN_CONVERSION = NO;
				CLANG_WARN_SUSPICIOUS_IMPLICIT_CONVERSION = YES;
				COMBINE_HIDPI_IMAGES = YES;
				GCC_PRECOMPILE_PREFIX_HEADER = YES;
				GCC_PREFIX_HEADER = Dummy/Prefix.pch;
				GCC_TREAT_WARNINGS_AS_ERRORS = YES;
				GCC_WARN_ABOUT_MISSING_NEWLINE = YES;
				GCC_WARN_ABOUT_MISSING_PROTOTYPES = YES;
				GCC_WARN_INITIALIZER_NOT_FULLY_BRACKETED = YES;
				GCC_WARN_PEDANTIC = NO;
				GCC_WARN_SHADOW = YES;
				GCC_WARN_SIGN_COMPARE = NO;
				GCC_WARN_UNUSED_LABEL = YES;
				GCC_WARN_UNUSED_PARAMETER = NO;
				INFOPLIST_FILE = Dummy/Info.plist;
				LD_RUNPATH_SEARCH_PATHS = "$(inherited) @executable_path/../Frameworks";
				PRODUCT_NAME = "$(TARGET_NAME)";
			};
			name = Debug;
		};
		093B9B131B50E2D500C2ABD0 /* Release */ = {
			isa = XCBuildConfiguration;
			buildSettings = {
				ASSETCATALOG_COMPILER_APPICON_NAME = AppIcon;
				CLANG_WARN_ASSIGN_ENUM = YES;
				CLANG_WARN_IMPLICIT_SIGN_CONVERSION = NO;
				CLANG_WARN_SUSPICIOUS_IMPLICIT_CONVERSION = YES;
				COMBINE_HIDPI_IMAGES = YES;
				GCC_PRECOMPILE_PREFIX_HEADER = YES;
				GCC_PREFIX_HEADER = Dummy/Prefix.pch;
				GCC_TREAT_WARNINGS_AS_ERRORS = YES;
				GCC_WARN_ABOUT_MISSING_NEWLINE = YES;
				GCC_WARN_ABOUT_MISSING_PROTOTYPES = YES;
				GCC_WARN_INITIALIZER_NOT_FULLY_BRACKETED = YES;
				GCC_WARN_PEDANTIC = NO;
				GCC_WARN_SHADOW = YES;
				GCC_WARN_SIGN_COMPARE = NO;
				GCC_WARN_UNUSED_LABEL = YES;
				GCC_WARN_UNUSED_PARAMETER = NO;
				INFOPLIST_FILE = Dummy/Info.plist;
				LD_RUNPATH_SEARCH_PATHS = "$(inherited) @executable_path/../Frameworks";
				PRODUCT_NAME = "$(TARGET_NAME)";
			};
			name = Release;
		};
		093B9B151B50E2D500C2ABD0 /* Debug */ = {
			isa = XCBuildConfiguration;
			buildSettings = {
				BUNDLE_LOADER = "$(TEST_HOST)";
				COMBINE_HIDPI_IMAGES = YES;
				FRAMEWORK_SEARCH_PATHS = (
					"$(DEVELOPER_FRAMEWORKS_DIR)",
					"$(inherited)",
				);
				GCC_PREPROCESSOR_DEFINITIONS = (
					"DEBUG=1",
					"$(inherited)",
				);
				INFOPLIST_FILE = DummyTests/Info.plist;
				LD_RUNPATH_SEARCH_PATHS = "$(inherited) @executable_path/../Frameworks @loader_path/../Frameworks";
				PRODUCT_NAME = "$(TARGET_NAME)";
				TEST_HOST = "$(BUILT_PRODUCTS_DIR)/Dummy.app/Contents/MacOS/Dummy";
			};
			name = Debug;
		};
		093B9B161B50E2D500C2ABD0 /* Release */ = {
			isa = XCBuildConfiguration;
			buildSettings = {
				BUNDLE_LOADER = "$(TEST_HOST)";
				COMBINE_HIDPI_IMAGES = YES;
				FRAMEWORK_SEARCH_PATHS = (
					"$(DEVELOPER_FRAMEWORKS_DIR)",
					"$(inherited)",
				);
				INFOPLIST_FILE = DummyTests/Info.plist;
				LD_RUNPATH_SEARCH_PATHS = "$(inherited) @executable_path/../Frameworks @loader_path/../Frameworks";
				PRODUCT_NAME = "$(TARGET_NAME)";
				TEST_HOST = "$(BUILT_PRODUCTS_DIR)/Dummy.app/Contents/MacOS/Dummy";
			};
			name = Release;
		};
/* End XCBuildConfiguration section */

/* Begin XCConfigurationList section */
		093B9AEC1B50E2D400C2ABD0 /* Build configuration list for PBXProject "Dummy" */ = {
			isa = XCConfigurationList;
			buildConfigurations = (
				093B9B0F1B50E2D500C2ABD0 /* Debug */,
				093B9B101B50E2D500C2ABD0 /* Release */,
			);
			defaultConfigurationIsVisible = 0;
			defaultConfigurationName = Release;
		};
		093B9B111B50E2D500C2ABD0 /* Build configuration list for PBXNativeTarget "Dummy" */ = {
			isa = XCConfigurationList;
			buildConfigurations = (
				093B9B121B50E2D500C2ABD0 /* Debug */,
				093B9B131B50E2D500C2ABD0 /* Release */,
			);
			defaultConfigurationIsVisible = 0;
			defaultConfigurationName = Release;
		};
		093B9B141B50E2D500C2ABD0 /* Build configuration list for PBXNativeTarget "DummyTests" */ = {
			isa = XCConfigurationList;
			buildConfigurations = (
				093B9B151B50E2D500C2ABD0 /* Debug */,
				093B9B161B50E2D500C2ABD0 /* Release */,
			);
			defaultConfigurationIsVisible = 0;
			defaultConfigurationName = Release;
		};
/* End XCConfigurationList section */
	};
	rootObject = 093B9AE91B50E2D400C2ABD0 /* Project object */;
}
