// !$*UTF8*$!
{
	archiveVersion = 1;
	classes = {
	};
	objectVersion = 47;
	objects = {

/* Begin PBXBuildFile section */
		0908EF811B8388B5007B76F5 /* BTRLinkDriver.m in Sources */ = {isa = PBXBuildFile; fileRef = 0908EF801B8388B5007B76F5 /* BTRLinkDriver.m */; };
		0908EF851B84FDBE007B76F5 /* BTRDExtraLink.m in Sources */ = {isa = PBXBuildFile; fileRef = 0908EF841B84FDBE007B76F5 /* BTRDExtraLink.m */; };
		0908EF871B852541007B76F5 /* DExtraReflectors.plist in Resources */ = {isa = PBXBuildFile; fileRef = 0908EF861B852541007B76F5 /* DExtraReflectors.plist */; };
		0924272E1B62F46600D568DE /* BTRAudioViewController.m in Sources */ = {isa = PBXBuildFile; fileRef = 0924272D1B62F46600D568DE /* BTRAudioViewController.m */; };
		092D9FF51B978AAC00525DE5 /* aprschecksumcorpus.txt in Resources */ = {isa = PBXBuildFile; fileRef = 092D9FF41B978AAC00525DE5 /* aprschecksumcorpus.txt */; };
		09318EEE1B88AAC500B1E1FE /* BTRDestinationCallFormatter.m in Sources */ = {isa = PBXBuildFile; fileRef = 09318EED1B88AAC500B1E1FE /* BTRDestinationCallFormatter.m */; };
		093B9AF81B50E2D500C2ABD0 /* BTRAppDelegate.m in Sources */ = {isa = PBXBuildFile; fileRef = 093B9AF71B50E2D500C2ABD0 /* BTRAppDelegate.m */; };
		093B9AFA1B50E2D500C2ABD0 /* main.m in Sources */ = {isa = PBXBuildFile; fileRef = 093B9AF91B50E2D500C2ABD0 /* main.m */; };
		093B9AFD1B50E2D500C2ABD0 /* BTRMainWindowViewController.m in Sources */ = {isa = PBXBuildFile; fileRef = 093B9AFC1B50E2D500C2ABD0 /* BTRMainWindowViewController.m */; };
		093B9AFF1B50E2D500C2ABD0 /* Images.xcassets in Resources */ = {isa = PBXBuildFile; fileRef = 093B9AFE1B50E2D500C2ABD0 /* Images.xcassets */; };
		093B9B021B50E2D500C2ABD0 /* Main.storyboard in Resources */ = {isa = PBXBuildFile; fileRef = 093B9B001B50E2D500C2ABD0 /* Main.storyboard */; };
		093B9B0E1B50E2D500C2ABD0 /* BusterTests.m in Sources */ = {isa = PBXBuildFile; fileRef = 093B9B0D1B50E2D500C2ABD0 /* BusterTests.m */; };
		093B9B1D1B52DBA000C2ABD0 /* BTRDV3KVocoder.m in Sources */ = {isa = PBXBuildFile; fileRef = 093B9B1C1B52DBA000C2ABD0 /* BTRDV3KVocoder.m */; };
		095249021B6DC79B0062F1A5 /* Credits.html in Resources */ = {isa = PBXBuildFile; fileRef = 095249011B6DC79B0062F1A5 /* Credits.html */; };
		0954911B1B64B5B600A57FD2 /* BTRGeneralPreferencesController.m in Sources */ = {isa = PBXBuildFile; fileRef = 0954911A1B64B5B600A57FD2 /* BTRGeneralPreferencesController.m */; };
		095521D51BF52BA50002E230 /* BTRAddPopupController.xib in Resources */ = {isa = PBXBuildFile; fileRef = 095521D41BF52BA50002E230 /* BTRAddPopupController.xib */; };
		095544A71B71756F00090DB7 /* BTRVocoderViewController.m in Sources */ = {isa = PBXBuildFile; fileRef = 095544A61B71756F00090DB7 /* BTRVocoderViewController.m */; };
		095963311B980C12003CC8A1 /* MapKit.framework in Frameworks */ = {isa = PBXBuildFile; fileRef = 095963301B980C12003CC8A1 /* MapKit.framework */; };
		095963341B9819AD003CC8A1 /* BTRMapPopupController.m in Sources */ = {isa = PBXBuildFile; fileRef = 095963331B9819AD003CC8A1 /* BTRMapPopupController.m */; };
		095963361B982FF8003CC8A1 /* BTRMapPopupController.xib in Resources */ = {isa = PBXBuildFile; fileRef = 095963351B982FF8003CC8A1 /* BTRMapPopupController.xib */; };
		095C3FAF1B5DA04200307A7C /* TPCircularBuffer+AudioBufferList.c in Sources */ = {isa = PBXBuildFile; fileRef = 095C3FAD1B5DA04200307A7C /* TPCircularBuffer+AudioBufferList.c */; };
		096BFCDD1B7DEC4000C94260 /* BTRIPFormatter.m in Sources */ = {isa = PBXBuildFile; fileRef = 096BFCDC1B7DEC4000C94260 /* BTRIPFormatter.m */; };
		096F2B5A1B58C06E00766A95 /* BTRCallFormatter.m in Sources */ = {isa = PBXBuildFile; fileRef = 096F2B591B58C06E00766A95 /* BTRCallFormatter.m */; };
		096F2B5C1B58ED1B00766A95 /* DefaultPreferences.plist in Resources */ = {isa = PBXBuildFile; fileRef = 096F2B5B1B58ED1B00766A95 /* DefaultPreferences.plist */; };
		096FDB771B96B480006B4105 /* nmeacorpus.txt in Resources */ = {isa = PBXBuildFile; fileRef = 096FDB761B96B480006B4105 /* nmeacorpus.txt */; };
		096FDB791B96C8D4006B4105 /* nmeabadcorpus.txt in Resources */ = {isa = PBXBuildFile; fileRef = 096FDB781B96C8D4006B4105 /* nmeabadcorpus.txt */; };
		096FDB7B1B96CD90006B4105 /* aprscorpus.txt in Resources */ = {isa = PBXBuildFile; fileRef = 096FDB7A1B96CD90006B4105 /* aprscorpus.txt */; };
		09796FF21B800B5A0043089D /* BTRDPlusLink.m in Sources */ = {isa = PBXBuildFile; fileRef = 09796FF11B800B5A0043089D /* BTRDPlusLink.m */; };
		098B10F01B65FB22002C7A3B /* BTRDataEngine.m in Sources */ = {isa = PBXBuildFile; fileRef = 098B10EF1B65FB22002C7A3B /* BTRDataEngine.m */; };
		099DF8C71BBF3DED005D1807 /* BTRDCSLink.m in Sources */ = {isa = PBXBuildFile; fileRef = 099DF8C61BBF3DED005D1807 /* BTRDCSLink.m */; };
		099DF8C91BBF43B0005D1807 /* DCSReflectors.plist in Resources */ = {isa = PBXBuildFile; fileRef = 099DF8C81BBF43B0005D1807 /* DCSReflectors.plist */; };
		09A5FDEE1B5794FA00AE9E1C /* TPCircularBuffer.c in Sources */ = {isa = PBXBuildFile; fileRef = 09A5FDEC1B5794FA00AE9E1C /* TPCircularBuffer.c */; };
		09A5FDF11B57956A00AE9E1C /* BTRAudioHandler.m in Sources */ = {isa = PBXBuildFile; fileRef = 09A5FDF01B57956A00AE9E1C /* BTRAudioHandler.m */; };
		09A994BA1B6DD2E40061A929 /* BTRDV3KSerialVocoder.m in Sources */ = {isa = PBXBuildFile; fileRef = 09A994B91B6DD2E40061A929 /* BTRDV3KSerialVocoder.m */; };
		09A994C61B707C8D0061A929 /* BTRDV3KNetworkVocoder.m in Sources */ = {isa = PBXBuildFile; fileRef = 09A994C51B707C8D0061A929 /* BTRDV3KNetworkVocoder.m */; };
		09A994C91B712DF40061A929 /* MASShortcutView.m in Sources */ = {isa = PBXBuildFile; fileRef = 09A994C81B712DF40061A929 /* MASShortcutView.m */; };
		09A994CC1B712E0E0061A929 /* MASShortcutValidator.m in Sources */ = {isa = PBXBuildFile; fileRef = 09A994CB1B712E0E0061A929 /* MASShortcutValidator.m */; };
		09A994CF1B712E370061A929 /* MASShortcut.m in Sources */ = {isa = PBXBuildFile; fileRef = 09A994CE1B712E370061A929 /* MASShortcut.m */; };
		09A994D31B7136AF0061A929 /* MASDictionaryTransformer.m in Sources */ = {isa = PBXBuildFile; fileRef = 09A994D21B7136AF0061A929 /* MASDictionaryTransformer.m */; };
		09A994D71B71D03B0061A929 /* BTRNetworkVocoderViewController.m in Sources */ = {isa = PBXBuildFile; fileRef = 09A994D61B71D03B0061A929 /* BTRNetworkVocoderViewController.m */; };
		09A994DE1B71EAD50061A929 /* BTRSerialVocoderView.xib in Resources */ = {isa = PBXBuildFile; fileRef = 09A994DD1B71EAD50061A929 /* BTRSerialVocoderView.xib */; };
		09A994E01B7205C50061A929 /* BTRNetworkVocoderView.xib in Resources */ = {isa = PBXBuildFile; fileRef = 09A994DF1B7205C50061A929 /* BTRNetworkVocoderView.xib */; };
		09AB117B1B5A13970067B9FB /* BTRSerialVocoderViewController.m in Sources */ = {isa = PBXBuildFile; fileRef = 09AB11791B5A13970067B9FB /* BTRSerialVocoderViewController.m */; };
		09DBC7591BBAFB6200346912 /* BTRAddPopupController.m in Sources */ = {isa = PBXBuildFile; fileRef = 09DBC7581BBAFB6200346912 /* BTRAddPopupController.m */; };
		09DFDA991B8C331300D00030 /* BTRMessageFormatter.m in Sources */ = {isa = PBXBuildFile; fileRef = 09DFDA981B8C331300D00030 /* BTRMessageFormatter.m */; };
		09DFDA9F1B8D6A9700D00030 /* BTRIRCDDBGateways.m in Sources */ = {isa = PBXBuildFile; fileRef = 09DFDA9E1B8D6A9700D00030 /* BTRIRCDDBGateways.m */; };
		09E363EC1B66F46500F74DBB /* BTRSlowDataCoder.m in Sources */ = {isa = PBXBuildFile; fileRef = 09E363EB1B66F46500F74DBB /* BTRSlowDataCoder.m */; };
		09E36AC71B9B94570055BF46 /* HockeySDK.framework in Frameworks */ = {isa = PBXBuildFile; fileRef = 09E36AC61B9B94570055BF46 /* HockeySDK.framework */; settings = {ATTRIBUTES = (Weak, ); }; };
		09E589CA1B7EAC1800A962B5 /* BTRDPlusAuthenticator.m in Sources */ = {isa = PBXBuildFile; fileRef = 09E589C91B7EAC1800A962B5 /* BTRDPlusAuthenticator.m */; };
		09F042B21B9E365D00E9F5D2 /* BTRAprsLocation.m in Sources */ = {isa = PBXBuildFile; fileRef = 09F042B11B9E365D00E9F5D2 /* BTRAprsLocation.m */; };
		09F042B61BA1F82600E9F5D2 /* PortMapper.m in Sources */ = {isa = PBXBuildFile; fileRef = 09F042B51BA1F82600E9F5D2 /* PortMapper.m */; };
/* End PBXBuildFile section */

/* Begin PBXContainerItemProxy section */
		093B9B081B50E2D500C2ABD0 /* PBXContainerItemProxy */ = {
			isa = PBXContainerItemProxy;
			containerPortal = 093B9AE91B50E2D400C2ABD0 /* Project object */;
			proxyType = 1;
			remoteGlobalIDString = 093B9AF01B50E2D500C2ABD0;
			remoteInfo = Buster;
		};
/* End PBXContainerItemProxy section */

/* Begin PBXFileReference section */
		0908EF7F1B8388B5007B76F5 /* BTRLinkDriver.h */ = {isa = PBXFileReference; fileEncoding = 4; indentWidth = 4; lastKnownFileType = sourcecode.c.h; path = BTRLinkDriver.h; sourceTree = "<group>"; tabWidth = 4; usesTabs = 0; wrapsLines = 1; };
		0908EF801B8388B5007B76F5 /* BTRLinkDriver.m */ = {isa = PBXFileReference; fileEncoding = 4; indentWidth = 4; lastKnownFileType = sourcecode.c.objc; path = BTRLinkDriver.m; sourceTree = "<group>"; tabWidth = 4; usesTabs = 0; wrapsLines = 1; };
		0908EF821B838B9E007B76F5 /* BTRLinkDriverSubclass.h */ = {isa = PBXFileReference; lastKnownFileType = sourcecode.c.h; path = BTRLinkDriverSubclass.h; sourceTree = "<group>"; };
		0908EF831B84FDBE007B76F5 /* BTRDExtraLink.h */ = {isa = PBXFileReference; fileEncoding = 4; lastKnownFileType = sourcecode.c.h; path = BTRDExtraLink.h; sourceTree = "<group>"; };
		0908EF841B84FDBE007B76F5 /* BTRDExtraLink.m */ = {isa = PBXFileReference; fileEncoding = 4; lastKnownFileType = sourcecode.c.objc; path = BTRDExtraLink.m; sourceTree = "<group>"; };
		0908EF861B852541007B76F5 /* DExtraReflectors.plist */ = {isa = PBXFileReference; fileEncoding = 4; lastKnownFileType = text.plist.xml; path = DExtraReflectors.plist; sourceTree = "<group>"; };
		0908EF881B87DAAD007B76F5 /* DStarUtils.h */ = {isa = PBXFileReference; lastKnownFileType = sourcecode.c.h; path = DStarUtils.h; sourceTree = "<group>"; };
		0924272C1B62F46600D568DE /* BTRAudioViewController.h */ = {isa = PBXFileReference; fileEncoding = 4; lastKnownFileType = sourcecode.c.h; path = BTRAudioViewController.h; sourceTree = "<group>"; };
		0924272D1B62F46600D568DE /* BTRAudioViewController.m */ = {isa = PBXFileReference; fileEncoding = 4; lastKnownFileType = sourcecode.c.objc; path = BTRAudioViewController.m; sourceTree = "<group>"; };
		092D9FF41B978AAC00525DE5 /* aprschecksumcorpus.txt */ = {isa = PBXFileReference; fileEncoding = 4; lastKnownFileType = text; path = aprschecksumcorpus.txt; sourceTree = "<group>"; };
		09318EEB1B87C5FD00B1E1FE /* Buster.entitlements */ = {isa = PBXFileReference; lastKnownFileType = text.xml; path = Buster.entitlements; sourceTree = "<group>"; };
		09318EEC1B88AAC500B1E1FE /* BTRDestinationCallFormatter.h */ = {isa = PBXFileReference; fileEncoding = 4; lastKnownFileType = sourcecode.c.h; path = BTRDestinationCallFormatter.h; sourceTree = "<group>"; };
		09318EED1B88AAC500B1E1FE /* BTRDestinationCallFormatter.m */ = {isa = PBXFileReference; fileEncoding = 4; lastKnownFileType = sourcecode.c.objc; path = BTRDestinationCallFormatter.m; sourceTree = "<group>"; };
		093B9AF11B50E2D500C2ABD0 /* Buster.app */ = {isa = PBXFileReference; explicitFileType = wrapper.application; includeInIndex = 0; path = Buster.app; sourceTree = BUILT_PRODUCTS_DIR; };
		093B9AF51B50E2D500C2ABD0 /* Info.plist */ = {isa = PBXFileReference; lastKnownFileType = text.plist.xml; path = Info.plist; sourceTree = "<group>"; };
		093B9AF61B50E2D500C2ABD0 /* BTRAppDelegate.h */ = {isa = PBXFileReference; lastKnownFileType = sourcecode.c.h; lineEnding = 0; path = BTRAppDelegate.h; sourceTree = "<group>"; xcLanguageSpecificationIdentifier = xcode.lang.objcpp; };
		093B9AF71B50E2D500C2ABD0 /* BTRAppDelegate.m */ = {isa = PBXFileReference; lastKnownFileType = sourcecode.c.objc; lineEnding = 0; path = BTRAppDelegate.m; sourceTree = "<group>"; xcLanguageSpecificationIdentifier = xcode.lang.objc; };
		093B9AF91B50E2D500C2ABD0 /* main.m */ = {isa = PBXFileReference; lastKnownFileType = sourcecode.c.objc; path = main.m; sourceTree = "<group>"; };
		093B9AFB1B50E2D500C2ABD0 /* BTRMainWindowViewController.h */ = {isa = PBXFileReference; lastKnownFileType = sourcecode.c.h; path = BTRMainWindowViewController.h; sourceTree = "<group>"; };
		093B9AFC1B50E2D500C2ABD0 /* BTRMainWindowViewController.m */ = {isa = PBXFileReference; lastKnownFileType = sourcecode.c.objc; path = BTRMainWindowViewController.m; sourceTree = "<group>"; };
		093B9AFE1B50E2D500C2ABD0 /* Images.xcassets */ = {isa = PBXFileReference; lastKnownFileType = folder.assetcatalog; path = Images.xcassets; sourceTree = "<group>"; };
		093B9B011B50E2D500C2ABD0 /* Base */ = {isa = PBXFileReference; lastKnownFileType = file.storyboard; name = Base; path = Base.lproj/Main.storyboard; sourceTree = "<group>"; };
		093B9B071B50E2D500C2ABD0 /* BusterTests.xctest */ = {isa = PBXFileReference; explicitFileType = wrapper.cfbundle; includeInIndex = 0; path = BusterTests.xctest; sourceTree = BUILT_PRODUCTS_DIR; };
		093B9B0C1B50E2D500C2ABD0 /* Info.plist */ = {isa = PBXFileReference; lastKnownFileType = text.plist.xml; path = Info.plist; sourceTree = "<group>"; };
		093B9B0D1B50E2D500C2ABD0 /* BusterTests.m */ = {isa = PBXFileReference; lastKnownFileType = sourcecode.c.objc; path = BusterTests.m; sourceTree = "<group>"; };
		093B9B1A1B5214C700C2ABD0 /* BTRVocoderDriver.h */ = {isa = PBXFileReference; lastKnownFileType = sourcecode.c.h; path = BTRVocoderDriver.h; sourceTree = "<group>"; };
		093B9B1B1B52DBA000C2ABD0 /* BTRDV3KVocoder.h */ = {isa = PBXFileReference; fileEncoding = 4; lastKnownFileType = sourcecode.c.h; path = BTRDV3KVocoder.h; sourceTree = "<group>"; };
		093B9B1C1B52DBA000C2ABD0 /* BTRDV3KVocoder.m */ = {isa = PBXFileReference; fileEncoding = 4; lastKnownFileType = sourcecode.c.objc; path = BTRDV3KVocoder.m; sourceTree = "<group>"; };
		095249011B6DC79B0062F1A5 /* Credits.html */ = {isa = PBXFileReference; fileEncoding = 4; lastKnownFileType = text.html; path = Credits.html; sourceTree = "<group>"; };
		095491191B64B5B600A57FD2 /* BTRGeneralPreferencesController.h */ = {isa = PBXFileReference; fileEncoding = 4; lastKnownFileType = sourcecode.c.h; path = BTRGeneralPreferencesController.h; sourceTree = "<group>"; };
		0954911A1B64B5B600A57FD2 /* BTRGeneralPreferencesController.m */ = {isa = PBXFileReference; fileEncoding = 4; lastKnownFileType = sourcecode.c.objc; path = BTRGeneralPreferencesController.m; sourceTree = "<group>"; };
		095521D41BF52BA50002E230 /* BTRAddPopupController.xib */ = {isa = PBXFileReference; fileEncoding = 4; lastKnownFileType = file.xib; path = BTRAddPopupController.xib; sourceTree = "<group>"; };
		095544A51B71756F00090DB7 /* BTRVocoderViewController.h */ = {isa = PBXFileReference; fileEncoding = 4; lastKnownFileType = sourcecode.c.h; path = BTRVocoderViewController.h; sourceTree = "<group>"; };
		095544A61B71756F00090DB7 /* BTRVocoderViewController.m */ = {isa = PBXFileReference; fileEncoding = 4; lastKnownFileType = sourcecode.c.objc; path = BTRVocoderViewController.m; sourceTree = "<group>"; };
		095963301B980C12003CC8A1 /* MapKit.framework */ = {isa = PBXFileReference; lastKnownFileType = wrapper.framework; name = MapKit.framework; path = System/Library/Frameworks/MapKit.framework; sourceTree = SDKROOT; };
		095963321B9819AD003CC8A1 /* BTRMapPopupController.h */ = {isa = PBXFileReference; fileEncoding = 4; lastKnownFileType = sourcecode.c.h; path = BTRMapPopupController.h; sourceTree = "<group>"; };
		095963331B9819AD003CC8A1 /* BTRMapPopupController.m */ = {isa = PBXFileReference; fileEncoding = 4; lastKnownFileType = sourcecode.c.objc; path = BTRMapPopupController.m; sourceTree = "<group>"; };
		095963351B982FF8003CC8A1 /* BTRMapPopupController.xib */ = {isa = PBXFileReference; fileEncoding = 4; lastKnownFileType = file.xib; path = BTRMapPopupController.xib; sourceTree = "<group>"; };
		095C3FAD1B5DA04200307A7C /* TPCircularBuffer+AudioBufferList.c */ = {isa = PBXFileReference; fileEncoding = 4; lastKnownFileType = sourcecode.c.c; path = "TPCircularBuffer+AudioBufferList.c"; sourceTree = "<group>"; };
		095C3FAE1B5DA04200307A7C /* TPCircularBuffer+AudioBufferList.h */ = {isa = PBXFileReference; fileEncoding = 4; lastKnownFileType = sourcecode.c.h; path = "TPCircularBuffer+AudioBufferList.h"; sourceTree = "<group>"; };
		096BFCDB1B7DEC4000C94260 /* BTRIPFormatter.h */ = {isa = PBXFileReference; fileEncoding = 4; lastKnownFileType = sourcecode.c.h; path = BTRIPFormatter.h; sourceTree = "<group>"; };
		096BFCDC1B7DEC4000C94260 /* BTRIPFormatter.m */ = {isa = PBXFileReference; fileEncoding = 4; lastKnownFileType = sourcecode.c.objc; path = BTRIPFormatter.m; sourceTree = "<group>"; };
		096F2B581B58C06E00766A95 /* BTRCallFormatter.h */ = {isa = PBXFileReference; fileEncoding = 4; lastKnownFileType = sourcecode.c.h; path = BTRCallFormatter.h; sourceTree = "<group>"; };
		096F2B591B58C06E00766A95 /* BTRCallFormatter.m */ = {isa = PBXFileReference; fileEncoding = 4; lastKnownFileType = sourcecode.c.objc; path = BTRCallFormatter.m; sourceTree = "<group>"; };
		096F2B5B1B58ED1B00766A95 /* DefaultPreferences.plist */ = {isa = PBXFileReference; fileEncoding = 4; lastKnownFileType = text.plist.xml; path = DefaultPreferences.plist; sourceTree = "<group>"; };
		096FDB761B96B480006B4105 /* nmeacorpus.txt */ = {isa = PBXFileReference; fileEncoding = 4; lastKnownFileType = text; path = nmeacorpus.txt; sourceTree = "<group>"; };
		096FDB781B96C8D4006B4105 /* nmeabadcorpus.txt */ = {isa = PBXFileReference; fileEncoding = 4; lastKnownFileType = text; path = nmeabadcorpus.txt; sourceTree = "<group>"; };
		096FDB7A1B96CD90006B4105 /* aprscorpus.txt */ = {isa = PBXFileReference; fileEncoding = 4; lastKnownFileType = text; path = aprscorpus.txt; sourceTree = "<group>"; };
		09796FF01B800B5A0043089D /* BTRDPlusLink.h */ = {isa = PBXFileReference; fileEncoding = 4; lastKnownFileType = sourcecode.c.h; path = BTRDPlusLink.h; sourceTree = "<group>"; };
		09796FF11B800B5A0043089D /* BTRDPlusLink.m */ = {isa = PBXFileReference; fileEncoding = 4; lastKnownFileType = sourcecode.c.objc; path = BTRDPlusLink.m; sourceTree = "<group>"; };
		098B10EE1B65FB22002C7A3B /* BTRDataEngine.h */ = {isa = PBXFileReference; fileEncoding = 4; lastKnownFileType = sourcecode.c.h; path = BTRDataEngine.h; sourceTree = "<group>"; };
		098B10EF1B65FB22002C7A3B /* BTRDataEngine.m */ = {isa = PBXFileReference; fileEncoding = 4; lastKnownFileType = sourcecode.c.objc; path = BTRDataEngine.m; sourceTree = "<group>"; };
		099DF8C51BBF3DED005D1807 /* BTRDCSLink.h */ = {isa = PBXFileReference; fileEncoding = 4; lastKnownFileType = sourcecode.c.h; path = BTRDCSLink.h; sourceTree = "<group>"; };
		099DF8C61BBF3DED005D1807 /* BTRDCSLink.m */ = {isa = PBXFileReference; fileEncoding = 4; lastKnownFileType = sourcecode.c.objc; path = BTRDCSLink.m; sourceTree = "<group>"; };
		099DF8C81BBF43B0005D1807 /* DCSReflectors.plist */ = {isa = PBXFileReference; fileEncoding = 4; lastKnownFileType = text.plist.xml; path = DCSReflectors.plist; sourceTree = "<group>"; };
		09A5FDEC1B5794FA00AE9E1C /* TPCircularBuffer.c */ = {isa = PBXFileReference; fileEncoding = 4; lastKnownFileType = sourcecode.c.c; path = TPCircularBuffer.c; sourceTree = "<group>"; };
		09A5FDED1B5794FA00AE9E1C /* TPCircularBuffer.h */ = {isa = PBXFileReference; fileEncoding = 4; lastKnownFileType = sourcecode.c.h; path = TPCircularBuffer.h; sourceTree = "<group>"; };
		09A5FDEF1B57956A00AE9E1C /* BTRAudioHandler.h */ = {isa = PBXFileReference; fileEncoding = 4; lastKnownFileType = sourcecode.c.h; lineEnding = 0; path = BTRAudioHandler.h; sourceTree = "<group>"; xcLanguageSpecificationIdentifier = xcode.lang.objcpp; };
		09A5FDF01B57956A00AE9E1C /* BTRAudioHandler.m */ = {isa = PBXFileReference; fileEncoding = 4; lastKnownFileType = sourcecode.c.objc; lineEnding = 0; path = BTRAudioHandler.m; sourceTree = "<group>"; xcLanguageSpecificationIdentifier = xcode.lang.objc; };
		09A994B81B6DD2E40061A929 /* BTRDV3KSerialVocoder.h */ = {isa = PBXFileReference; fileEncoding = 4; lastKnownFileType = sourcecode.c.h; path = BTRDV3KSerialVocoder.h; sourceTree = "<group>"; };
		09A994B91B6DD2E40061A929 /* BTRDV3KSerialVocoder.m */ = {isa = PBXFileReference; fileEncoding = 4; lastKnownFileType = sourcecode.c.objc; path = BTRDV3KSerialVocoder.m; sourceTree = "<group>"; };
		09A994BE1B6DD5510061A929 /* BTRDV3KPacket.h */ = {isa = PBXFileReference; lastKnownFileType = sourcecode.c.h; path = BTRDV3KPacket.h; sourceTree = "<group>"; };
		09A994BF1B6DD72A0061A929 /* BTRDV3KVocoderSubclass.h */ = {isa = PBXFileReference; lastKnownFileType = sourcecode.c.h; path = BTRDV3KVocoderSubclass.h; sourceTree = "<group>"; };
		09A994C41B707C8D0061A929 /* BTRDV3KNetworkVocoder.h */ = {isa = PBXFileReference; fileEncoding = 4; lastKnownFileType = sourcecode.c.h; path = BTRDV3KNetworkVocoder.h; sourceTree = "<group>"; };
		09A994C51B707C8D0061A929 /* BTRDV3KNetworkVocoder.m */ = {isa = PBXFileReference; fileEncoding = 4; lastKnownFileType = sourcecode.c.objc; path = BTRDV3KNetworkVocoder.m; sourceTree = "<group>"; };
		09A994C71B712DF40061A929 /* MASShortcutView.h */ = {isa = PBXFileReference; fileEncoding = 4; lastKnownFileType = sourcecode.c.h; path = MASShortcutView.h; sourceTree = "<group>"; };
		09A994C81B712DF40061A929 /* MASShortcutView.m */ = {isa = PBXFileReference; fileEncoding = 4; lastKnownFileType = sourcecode.c.objc; path = MASShortcutView.m; sourceTree = "<group>"; };
		09A994CA1B712E0E0061A929 /* MASShortcutValidator.h */ = {isa = PBXFileReference; fileEncoding = 4; lastKnownFileType = sourcecode.c.h; path = MASShortcutValidator.h; sourceTree = "<group>"; };
		09A994CB1B712E0E0061A929 /* MASShortcutValidator.m */ = {isa = PBXFileReference; fileEncoding = 4; lastKnownFileType = sourcecode.c.objc; path = MASShortcutValidator.m; sourceTree = "<group>"; };
		09A994CD1B712E370061A929 /* MASShortcut.h */ = {isa = PBXFileReference; fileEncoding = 4; lastKnownFileType = sourcecode.c.h; path = MASShortcut.h; sourceTree = "<group>"; };
		09A994CE1B712E370061A929 /* MASShortcut.m */ = {isa = PBXFileReference; fileEncoding = 4; lastKnownFileType = sourcecode.c.objc; path = MASShortcut.m; sourceTree = "<group>"; };
		09A994D01B712E4B0061A929 /* MASKeyCodes.h */ = {isa = PBXFileReference; lastKnownFileType = sourcecode.c.h; path = MASKeyCodes.h; sourceTree = "<group>"; };
		09A994D11B7136AF0061A929 /* MASDictionaryTransformer.h */ = {isa = PBXFileReference; fileEncoding = 4; lastKnownFileType = sourcecode.c.h; path = MASDictionaryTransformer.h; sourceTree = "<group>"; };
		09A994D21B7136AF0061A929 /* MASDictionaryTransformer.m */ = {isa = PBXFileReference; fileEncoding = 4; lastKnownFileType = sourcecode.c.objc; path = MASDictionaryTransformer.m; sourceTree = "<group>"; };
		09A994D51B71D03B0061A929 /* BTRNetworkVocoderViewController.h */ = {isa = PBXFileReference; fileEncoding = 4; lastKnownFileType = sourcecode.c.h; path = BTRNetworkVocoderViewController.h; sourceTree = "<group>"; };
		09A994D61B71D03B0061A929 /* BTRNetworkVocoderViewController.m */ = {isa = PBXFileReference; fileEncoding = 4; lastKnownFileType = sourcecode.c.objc; path = BTRNetworkVocoderViewController.m; sourceTree = "<group>"; };
		09A994DD1B71EAD50061A929 /* BTRSerialVocoderView.xib */ = {isa = PBXFileReference; fileEncoding = 4; lastKnownFileType = file.xib; path = BTRSerialVocoderView.xib; sourceTree = "<group>"; };
		09A994DF1B7205C50061A929 /* BTRNetworkVocoderView.xib */ = {isa = PBXFileReference; fileEncoding = 4; lastKnownFileType = file.xib; path = BTRNetworkVocoderView.xib; sourceTree = "<group>"; };
		09AB11781B5A13970067B9FB /* BTRSerialVocoderViewController.h */ = {isa = PBXFileReference; fileEncoding = 4; lastKnownFileType = sourcecode.c.h; path = BTRSerialVocoderViewController.h; sourceTree = "<group>"; };
		09AB11791B5A13970067B9FB /* BTRSerialVocoderViewController.m */ = {isa = PBXFileReference; fileEncoding = 4; lastKnownFileType = sourcecode.c.objc; path = BTRSerialVocoderViewController.m; sourceTree = "<group>"; };
		09AB117A1B5A13970067B9FB /* Prefix.pch */ = {isa = PBXFileReference; fileEncoding = 4; lastKnownFileType = sourcecode.c.h; path = Prefix.pch; sourceTree = "<group>"; };
		09DBC7571BBAFB6200346912 /* BTRAddPopupController.h */ = {isa = PBXFileReference; fileEncoding = 4; lastKnownFileType = sourcecode.c.h; path = BTRAddPopupController.h; sourceTree = "<group>"; };
		09DBC7581BBAFB6200346912 /* BTRAddPopupController.m */ = {isa = PBXFileReference; fileEncoding = 4; lastKnownFileType = sourcecode.c.objc; path = BTRAddPopupController.m; sourceTree = "<group>"; };
		09DFDA971B8C331300D00030 /* BTRMessageFormatter.h */ = {isa = PBXFileReference; fileEncoding = 4; lastKnownFileType = sourcecode.c.h; path = BTRMessageFormatter.h; sourceTree = "<group>"; };
		09DFDA981B8C331300D00030 /* BTRMessageFormatter.m */ = {isa = PBXFileReference; fileEncoding = 4; lastKnownFileType = sourcecode.c.objc; path = BTRMessageFormatter.m; sourceTree = "<group>"; };
		09DFDA9A1B8D191900D00030 /* BTRLinkDriverDelegate.h */ = {isa = PBXFileReference; lastKnownFileType = sourcecode.c.h; path = BTRLinkDriverDelegate.h; sourceTree = "<group>"; };
		09DFDA9B1B8D300B00D00030 /* BTRDataEngineDelegate.h */ = {isa = PBXFileReference; lastKnownFileType = sourcecode.c.h; path = BTRDataEngineDelegate.h; sourceTree = "<group>"; };
		09DFDA9C1B8D351B00D00030 /* BTRSlowDataDelegate.h */ = {isa = PBXFileReference; lastKnownFileType = sourcecode.c.h; path = BTRSlowDataDelegate.h; sourceTree = "<group>"; };
		09DFDA9D1B8D6A9700D00030 /* BTRIRCDDBGateways.h */ = {isa = PBXFileReference; fileEncoding = 4; lastKnownFileType = sourcecode.c.h; path = BTRIRCDDBGateways.h; sourceTree = "<group>"; };
		09DFDA9E1B8D6A9700D00030 /* BTRIRCDDBGateways.m */ = {isa = PBXFileReference; fileEncoding = 4; lastKnownFileType = sourcecode.c.objc; path = BTRIRCDDBGateways.m; sourceTree = "<group>"; };
		09E363EA1B66F46500F74DBB /* BTRSlowDataCoder.h */ = {isa = PBXFileReference; fileEncoding = 4; lastKnownFileType = sourcecode.c.h; path = BTRSlowDataCoder.h; sourceTree = "<group>"; };
		09E363EB1B66F46500F74DBB /* BTRSlowDataCoder.m */ = {isa = PBXFileReference; fileEncoding = 4; lastKnownFileType = sourcecode.c.objc; path = BTRSlowDataCoder.m; sourceTree = "<group>"; };
		09E36AC61B9B94570055BF46 /* HockeySDK.framework */ = {isa = PBXFileReference; lastKnownFileType = wrapper.framework; name = HockeySDK.framework; path = "HockeySDK-Mac/HockeySDK.framework"; sourceTree = "<group>"; };
		09E36AC81B9B94770055BF46 /* HockeySDK.framework */ = {isa = PBXFileReference; lastKnownFileType = wrapper.framework; name = HockeySDK.framework; path = "HockeySDK-Mac/HockeySDK.framework"; sourceTree = "<group>"; };
		09E589C81B7EAC1800A962B5 /* BTRDPlusAuthenticator.h */ = {isa = PBXFileReference; fileEncoding = 4; lastKnownFileType = sourcecode.c.h; path = BTRDPlusAuthenticator.h; sourceTree = "<group>"; };
		09E589C91B7EAC1800A962B5 /* BTRDPlusAuthenticator.m */ = {isa = PBXFileReference; fileEncoding = 4; lastKnownFileType = sourcecode.c.objc; path = BTRDPlusAuthenticator.m; sourceTree = "<group>"; };
		09E589CB1B82880B00A962B5 /* BTRLinkDriverProtocol.h */ = {isa = PBXFileReference; lastKnownFileType = sourcecode.c.h; path = BTRLinkDriverProtocol.h; sourceTree = "<group>"; };
		09F042B01B9E365D00E9F5D2 /* BTRAprsLocation.h */ = {isa = PBXFileReference; fileEncoding = 4; lastKnownFileType = sourcecode.c.h; path = BTRAprsLocation.h; sourceTree = "<group>"; };
		09F042B11B9E365D00E9F5D2 /* BTRAprsLocation.m */ = {isa = PBXFileReference; fileEncoding = 4; lastKnownFileType = sourcecode.c.objc; path = BTRAprsLocation.m; sourceTree = "<group>"; };
		09F042B41BA1F82600E9F5D2 /* PortMapper.h */ = {isa = PBXFileReference; fileEncoding = 4; lastKnownFileType = sourcecode.c.h; path = PortMapper.h; sourceTree = "<group>"; };
		09F042B51BA1F82600E9F5D2 /* PortMapper.m */ = {isa = PBXFileReference; fileEncoding = 4; lastKnownFileType = sourcecode.c.objc; path = PortMapper.m; sourceTree = "<group>"; };
/* End PBXFileReference section */

/* Begin PBXFrameworksBuildPhase section */
		093B9AEE1B50E2D500C2ABD0 /* Frameworks */ = {
			isa = PBXFrameworksBuildPhase;
			buildActionMask = 2147483647;
			files = (
				095963311B980C12003CC8A1 /* MapKit.framework in Frameworks */,
				09E36AC71B9B94570055BF46 /* HockeySDK.framework in Frameworks */,
			);
			runOnlyForDeploymentPostprocessing = 0;
		};
		093B9B041B50E2D500C2ABD0 /* Frameworks */ = {
			isa = PBXFrameworksBuildPhase;
			buildActionMask = 2147483647;
			files = (
			);
			runOnlyForDeploymentPostprocessing = 0;
		};
/* End PBXFrameworksBuildPhase section */

/* Begin PBXGroup section */
		093B9AE81B50E2D400C2ABD0 = {
			isa = PBXGroup;
			children = (
				095963301B980C12003CC8A1 /* MapKit.framework */,
				09E36AC81B9B94770055BF46 /* HockeySDK.framework */,
				09E36AC61B9B94570055BF46 /* HockeySDK.framework */,
				093B9AF31B50E2D500C2ABD0 /* Buster */,
				093B9B0A1B50E2D500C2ABD0 /* BusterTests */,
				093B9AF21B50E2D500C2ABD0 /* Products */,
			);
			sourceTree = "<group>";
		};
		093B9AF21B50E2D500C2ABD0 /* Products */ = {
			isa = PBXGroup;
			children = (
				093B9AF11B50E2D500C2ABD0 /* Buster.app */,
				093B9B071B50E2D500C2ABD0 /* BusterTests.xctest */,
			);
			name = Products;
			sourceTree = "<group>";
		};
		093B9AF31B50E2D500C2ABD0 /* Buster */ = {
			isa = PBXGroup;
			children = (
				09A994D41B713A3B0061A929 /* MASShortcut */,
				09F042B31BA1F7FB00E9F5D2 /* Portmapper */,
				09A994D81B71E1B00061A929 /* TPCircularBuffer */,
				09A994D91B71E21A0061A929 /* Vocoder Drivers */,
				09E589CC1B828FBA00A962B5 /* Link Drivers */,
				09AB117A1B5A13970067B9FB /* Prefix.pch */,
				0908EF881B87DAAD007B76F5 /* DStarUtils.h */,
				093B9B1A1B5214C700C2ABD0 /* BTRVocoderDriver.h */,
				09DFDA9C1B8D351B00D00030 /* BTRSlowDataDelegate.h */,
				09DFDA9B1B8D300B00D00030 /* BTRDataEngineDelegate.h */,
				09DFDA9A1B8D191900D00030 /* BTRLinkDriverDelegate.h */,
				09E589CB1B82880B00A962B5 /* BTRLinkDriverProtocol.h */,
				093B9AF61B50E2D500C2ABD0 /* BTRAppDelegate.h */,
				093B9AF71B50E2D500C2ABD0 /* BTRAppDelegate.m */,
				096F2B581B58C06E00766A95 /* BTRCallFormatter.h */,
				096F2B591B58C06E00766A95 /* BTRCallFormatter.m */,
				09DFDA971B8C331300D00030 /* BTRMessageFormatter.h */,
				09DFDA981B8C331300D00030 /* BTRMessageFormatter.m */,
				09318EEC1B88AAC500B1E1FE /* BTRDestinationCallFormatter.h */,
				09318EED1B88AAC500B1E1FE /* BTRDestinationCallFormatter.m */,
				096BFCDB1B7DEC4000C94260 /* BTRIPFormatter.h */,
				096BFCDC1B7DEC4000C94260 /* BTRIPFormatter.m */,
				095544A51B71756F00090DB7 /* BTRVocoderViewController.h */,
				095544A61B71756F00090DB7 /* BTRVocoderViewController.m */,
				0924272C1B62F46600D568DE /* BTRAudioViewController.h */,
				0924272D1B62F46600D568DE /* BTRAudioViewController.m */,
				095491191B64B5B600A57FD2 /* BTRGeneralPreferencesController.h */,
				0954911A1B64B5B600A57FD2 /* BTRGeneralPreferencesController.m */,
				093B9AFB1B50E2D500C2ABD0 /* BTRMainWindowViewController.h */,
				093B9AFC1B50E2D500C2ABD0 /* BTRMainWindowViewController.m */,
				095963321B9819AD003CC8A1 /* BTRMapPopupController.h */,
				095963331B9819AD003CC8A1 /* BTRMapPopupController.m */,
				095963351B982FF8003CC8A1 /* BTRMapPopupController.xib */,
				098B10EE1B65FB22002C7A3B /* BTRDataEngine.h */,
				098B10EF1B65FB22002C7A3B /* BTRDataEngine.m */,
				09E363EA1B66F46500F74DBB /* BTRSlowDataCoder.h */,
				09E363EB1B66F46500F74DBB /* BTRSlowDataCoder.m */,
				09F042B01B9E365D00E9F5D2 /* BTRAprsLocation.h */,
				09F042B11B9E365D00E9F5D2 /* BTRAprsLocation.m */,
				09A5FDEF1B57956A00AE9E1C /* BTRAudioHandler.h */,
				09A5FDF01B57956A00AE9E1C /* BTRAudioHandler.m */,
				09DBC7571BBAFB6200346912 /* BTRAddPopupController.h */,
				09DBC7581BBAFB6200346912 /* BTRAddPopupController.m */,
				095521D41BF52BA50002E230 /* BTRAddPopupController.xib */,
				093B9AFE1B50E2D500C2ABD0 /* Images.xcassets */,
				093B9B001B50E2D500C2ABD0 /* Main.storyboard */,
				09318EEB1B87C5FD00B1E1FE /* Buster.entitlements */,
				093B9AF41B50E2D500C2ABD0 /* Supporting Files */,
			);
			path = Buster;
			sourceTree = "<group>";
		};
		093B9AF41B50E2D500C2ABD0 /* Supporting Files */ = {
			isa = PBXGroup;
			children = (
				099DF8C81BBF43B0005D1807 /* DCSReflectors.plist */,
				0908EF861B852541007B76F5 /* DExtraReflectors.plist */,
				095249011B6DC79B0062F1A5 /* Credits.html */,
				093B9AF51B50E2D500C2ABD0 /* Info.plist */,
				093B9AF91B50E2D500C2ABD0 /* main.m */,
				096F2B5B1B58ED1B00766A95 /* DefaultPreferences.plist */,
			);
			name = "Supporting Files";
			sourceTree = "<group>";
		};
		093B9B0A1B50E2D500C2ABD0 /* BusterTests */ = {
			isa = PBXGroup;
			children = (
				093B9B0D1B50E2D500C2ABD0 /* BusterTests.m */,
				093B9B0B1B50E2D500C2ABD0 /* Supporting Files */,
			);
			path = BusterTests;
			sourceTree = "<group>";
		};
		093B9B0B1B50E2D500C2ABD0 /* Supporting Files */ = {
			isa = PBXGroup;
			children = (
				092D9FF41B978AAC00525DE5 /* aprschecksumcorpus.txt */,
				096FDB761B96B480006B4105 /* nmeacorpus.txt */,
				096FDB7A1B96CD90006B4105 /* aprscorpus.txt */,
				096FDB781B96C8D4006B4105 /* nmeabadcorpus.txt */,
				093B9B0C1B50E2D500C2ABD0 /* Info.plist */,
			);
			name = "Supporting Files";
			sourceTree = "<group>";
		};
		09A994D41B713A3B0061A929 /* MASShortcut */ = {
			isa = PBXGroup;
			children = (
				09A994D11B7136AF0061A929 /* MASDictionaryTransformer.h */,
				09A994D21B7136AF0061A929 /* MASDictionaryTransformer.m */,
				09A994D01B712E4B0061A929 /* MASKeyCodes.h */,
				09A994CD1B712E370061A929 /* MASShortcut.h */,
				09A994CE1B712E370061A929 /* MASShortcut.m */,
				09A994CA1B712E0E0061A929 /* MASShortcutValidator.h */,
				09A994CB1B712E0E0061A929 /* MASShortcutValidator.m */,
				09A994C71B712DF40061A929 /* MASShortcutView.h */,
				09A994C81B712DF40061A929 /* MASShortcutView.m */,
			);
			name = MASShortcut;
			sourceTree = "<group>";
		};
		09A994D81B71E1B00061A929 /* TPCircularBuffer */ = {
			isa = PBXGroup;
			children = (
				09A5FDED1B5794FA00AE9E1C /* TPCircularBuffer.h */,
				09A5FDEC1B5794FA00AE9E1C /* TPCircularBuffer.c */,
				095C3FAD1B5DA04200307A7C /* TPCircularBuffer+AudioBufferList.c */,
				095C3FAE1B5DA04200307A7C /* TPCircularBuffer+AudioBufferList.h */,
			);
			name = TPCircularBuffer;
			sourceTree = "<group>";
		};
		09A994D91B71E21A0061A929 /* Vocoder Drivers */ = {
			isa = PBXGroup;
			children = (
				09A994BE1B6DD5510061A929 /* BTRDV3KPacket.h */,
				093B9B1B1B52DBA000C2ABD0 /* BTRDV3KVocoder.h */,
				09A994BF1B6DD72A0061A929 /* BTRDV3KVocoderSubclass.h */,
				093B9B1C1B52DBA000C2ABD0 /* BTRDV3KVocoder.m */,
				09A994B81B6DD2E40061A929 /* BTRDV3KSerialVocoder.h */,
				09A994B91B6DD2E40061A929 /* BTRDV3KSerialVocoder.m */,
				09AB11781B5A13970067B9FB /* BTRSerialVocoderViewController.h */,
				09AB11791B5A13970067B9FB /* BTRSerialVocoderViewController.m */,
				09A994DD1B71EAD50061A929 /* BTRSerialVocoderView.xib */,
				09A994C41B707C8D0061A929 /* BTRDV3KNetworkVocoder.h */,
				09A994C51B707C8D0061A929 /* BTRDV3KNetworkVocoder.m */,
				09A994D51B71D03B0061A929 /* BTRNetworkVocoderViewController.h */,
				09A994D61B71D03B0061A929 /* BTRNetworkVocoderViewController.m */,
				09A994DF1B7205C50061A929 /* BTRNetworkVocoderView.xib */,
			);
			name = "Vocoder Drivers";
			sourceTree = "<group>";
		};
		09E589CC1B828FBA00A962B5 /* Link Drivers */ = {
			isa = PBXGroup;
			children = (
				09E589C81B7EAC1800A962B5 /* BTRDPlusAuthenticator.h */,
				09E589C91B7EAC1800A962B5 /* BTRDPlusAuthenticator.m */,
				09DFDA9D1B8D6A9700D00030 /* BTRIRCDDBGateways.h */,
				09DFDA9E1B8D6A9700D00030 /* BTRIRCDDBGateways.m */,
				0908EF7F1B8388B5007B76F5 /* BTRLinkDriver.h */,
				0908EF821B838B9E007B76F5 /* BTRLinkDriverSubclass.h */,
				0908EF801B8388B5007B76F5 /* BTRLinkDriver.m */,
				09796FF01B800B5A0043089D /* BTRDPlusLink.h */,
				09796FF11B800B5A0043089D /* BTRDPlusLink.m */,
				0908EF831B84FDBE007B76F5 /* BTRDExtraLink.h */,
				0908EF841B84FDBE007B76F5 /* BTRDExtraLink.m */,
				099DF8C51BBF3DED005D1807 /* BTRDCSLink.h */,
				099DF8C61BBF3DED005D1807 /* BTRDCSLink.m */,
			);
			name = "Link Drivers";
			sourceTree = "<group>";
		};
		09F042B31BA1F7FB00E9F5D2 /* Portmapper */ = {
			isa = PBXGroup;
			children = (
				09F042B41BA1F82600E9F5D2 /* PortMapper.h */,
				09F042B51BA1F82600E9F5D2 /* PortMapper.m */,
			);
			name = Portmapper;
			sourceTree = "<group>";
		};
/* End PBXGroup section */

/* Begin PBXNativeTarget section */
		093B9AF01B50E2D500C2ABD0 /* Buster */ = {
			isa = PBXNativeTarget;
			buildConfigurationList = 093B9B111B50E2D500C2ABD0 /* Build configuration list for PBXNativeTarget "Buster" */;
			buildPhases = (
				093B9AED1B50E2D500C2ABD0 /* Sources */,
				093B9AEE1B50E2D500C2ABD0 /* Frameworks */,
				093B9AEF1B50E2D500C2ABD0 /* Resources */,
				095248FD1B6DC45D0062F1A5 /* ShellScript */,
			);
			buildRules = (
			);
			dependencies = (
			);
			name = Buster;
			productName = Buster;
			productReference = 093B9AF11B50E2D500C2ABD0 /* Buster.app */;
			productType = "com.apple.product-type.application";
		};
		093B9B061B50E2D500C2ABD0 /* BusterTests */ = {
			isa = PBXNativeTarget;
			buildConfigurationList = 093B9B141B50E2D500C2ABD0 /* Build configuration list for PBXNativeTarget "BusterTests" */;
			buildPhases = (
				093B9B031B50E2D500C2ABD0 /* Sources */,
				093B9B041B50E2D500C2ABD0 /* Frameworks */,
				093B9B051B50E2D500C2ABD0 /* Resources */,
			);
			buildRules = (
			);
			dependencies = (
				093B9B091B50E2D500C2ABD0 /* PBXTargetDependency */,
			);
			name = BusterTests;
			productName = BusterTests;
			productReference = 093B9B071B50E2D500C2ABD0 /* BusterTests.xctest */;
			productType = "com.apple.product-type.bundle.unit-test";
		};
/* End PBXNativeTarget section */

/* Begin PBXProject section */
		093B9AE91B50E2D400C2ABD0 /* Project object */ = {
			isa = PBXProject;
			attributes = {
				CLASSPREFIX = BTR;
				LastUpgradeCheck = 0820;
				ORGANIZATIONNAME = NH6Z;
				TargetAttributes = {
					093B9AF01B50E2D500C2ABD0 = {
						CreatedOnToolsVersion = 6.4;
						DevelopmentTeam = 45GE4EAF74;
						SystemCapabilities = {
							com.apple.Sandbox = {
								enabled = 1;
							};
						};
					};
					093B9B061B50E2D500C2ABD0 = {
						CreatedOnToolsVersion = 6.4;
						TestTargetID = 093B9AF01B50E2D500C2ABD0;
					};
				};
			};
			buildConfigurationList = 093B9AEC1B50E2D400C2ABD0 /* Build configuration list for PBXProject "Buster" */;
			compatibilityVersion = "Xcode 6.3";
			developmentRegion = English;
			hasScannedForEncodings = 0;
			knownRegions = (
				en,
				Base,
			);
			mainGroup = 093B9AE81B50E2D400C2ABD0;
			productRefGroup = 093B9AF21B50E2D500C2ABD0 /* Products */;
			projectDirPath = "";
			projectRoot = "";
			targets = (
				093B9AF01B50E2D500C2ABD0 /* Buster */,
				093B9B061B50E2D500C2ABD0 /* BusterTests */,
			);
		};
/* End PBXProject section */

/* Begin PBXResourcesBuildPhase section */
		093B9AEF1B50E2D500C2ABD0 /* Resources */ = {
			isa = PBXResourcesBuildPhase;
			buildActionMask = 2147483647;
			files = (
				095963361B982FF8003CC8A1 /* BTRMapPopupController.xib in Resources */,
				093B9AFF1B50E2D500C2ABD0 /* Images.xcassets in Resources */,
				095249021B6DC79B0062F1A5 /* Credits.html in Resources */,
				099DF8C91BBF43B0005D1807 /* DCSReflectors.plist in Resources */,
				09A994DE1B71EAD50061A929 /* BTRSerialVocoderView.xib in Resources */,
				0908EF871B852541007B76F5 /* DExtraReflectors.plist in Resources */,
				093B9B021B50E2D500C2ABD0 /* Main.storyboard in Resources */,
				095521D51BF52BA50002E230 /* BTRAddPopupController.xib in Resources */,
				096F2B5C1B58ED1B00766A95 /* DefaultPreferences.plist in Resources */,
				09A994E01B7205C50061A929 /* BTRNetworkVocoderView.xib in Resources */,
			);
			runOnlyForDeploymentPostprocessing = 0;
		};
		093B9B051B50E2D500C2ABD0 /* Resources */ = {
			isa = PBXResourcesBuildPhase;
			buildActionMask = 2147483647;
			files = (
				096FDB7B1B96CD90006B4105 /* aprscorpus.txt in Resources */,
				092D9FF51B978AAC00525DE5 /* aprschecksumcorpus.txt in Resources */,
				096FDB771B96B480006B4105 /* nmeacorpus.txt in Resources */,
				096FDB791B96C8D4006B4105 /* nmeabadcorpus.txt in Resources */,
			);
			runOnlyForDeploymentPostprocessing = 0;
		};
/* End PBXResourcesBuildPhase section */

/* Begin PBXShellScriptBuildPhase section */
		095248FD1B6DC45D0062F1A5 /* ShellScript */ = {
			isa = PBXShellScriptBuildPhase;
			buildActionMask = 2147483647;
			files = (
			);
			inputPaths = (
			);
			outputPaths = (
			);
			runOnlyForDeploymentPostprocessing = 0;
			shellPath = /bin/sh;
			shellScript = "FILE=\"${SRCROOT}/HockeySDK-Mac/BuildAgent\"\nif [ -f \"$FILE\" ]; then\n  \"$FILE\"\nfi";
		};
/* End PBXShellScriptBuildPhase section */

/* Begin PBXSourcesBuildPhase section */
		093B9AED1B50E2D500C2ABD0 /* Sources */ = {
			isa = PBXSourcesBuildPhase;
			buildActionMask = 2147483647;
			files = (
				0908EF811B8388B5007B76F5 /* BTRLinkDriver.m in Sources */,
				09A5FDEE1B5794FA00AE9E1C /* TPCircularBuffer.c in Sources */,
				095963341B9819AD003CC8A1 /* BTRMapPopupController.m in Sources */,
				09A994D71B71D03B0061A929 /* BTRNetworkVocoderViewController.m in Sources */,
				09A994CF1B712E370061A929 /* MASShortcut.m in Sources */,
				09A994C61B707C8D0061A929 /* BTRDV3KNetworkVocoder.m in Sources */,
				0954911B1B64B5B600A57FD2 /* BTRGeneralPreferencesController.m in Sources */,
				09A994BA1B6DD2E40061A929 /* BTRDV3KSerialVocoder.m in Sources */,
				09F042B21B9E365D00E9F5D2 /* BTRAprsLocation.m in Sources */,
				09AB117B1B5A13970067B9FB /* BTRSerialVocoderViewController.m in Sources */,
				096BFCDD1B7DEC4000C94260 /* BTRIPFormatter.m in Sources */,
				098B10F01B65FB22002C7A3B /* BTRDataEngine.m in Sources */,
				095C3FAF1B5DA04200307A7C /* TPCircularBuffer+AudioBufferList.c in Sources */,
				09318EEE1B88AAC500B1E1FE /* BTRDestinationCallFormatter.m in Sources */,
				093B9B1D1B52DBA000C2ABD0 /* BTRDV3KVocoder.m in Sources */,
				093B9AFD1B50E2D500C2ABD0 /* BTRMainWindowViewController.m in Sources */,
				093B9AFA1B50E2D500C2ABD0 /* main.m in Sources */,
				09A994D31B7136AF0061A929 /* MASDictionaryTransformer.m in Sources */,
				09A5FDF11B57956A00AE9E1C /* BTRAudioHandler.m in Sources */,
				093B9AF81B50E2D500C2ABD0 /* BTRAppDelegate.m in Sources */,
				09796FF21B800B5A0043089D /* BTRDPlusLink.m in Sources */,
				0908EF851B84FDBE007B76F5 /* BTRDExtraLink.m in Sources */,
				09A994CC1B712E0E0061A929 /* MASShortcutValidator.m in Sources */,
				09A994C91B712DF40061A929 /* MASShortcutView.m in Sources */,
				096F2B5A1B58C06E00766A95 /* BTRCallFormatter.m in Sources */,
				09F042B61BA1F82600E9F5D2 /* PortMapper.m in Sources */,
				095544A71B71756F00090DB7 /* BTRVocoderViewController.m in Sources */,
				09E363EC1B66F46500F74DBB /* BTRSlowDataCoder.m in Sources */,
				09DBC7591BBAFB6200346912 /* BTRAddPopupController.m in Sources */,
				0924272E1B62F46600D568DE /* BTRAudioViewController.m in Sources */,
				09DFDA9F1B8D6A9700D00030 /* BTRIRCDDBGateways.m in Sources */,
				099DF8C71BBF3DED005D1807 /* BTRDCSLink.m in Sources */,
				09E589CA1B7EAC1800A962B5 /* BTRDPlusAuthenticator.m in Sources */,
				09DFDA991B8C331300D00030 /* BTRMessageFormatter.m in Sources */,
			);
			runOnlyForDeploymentPostprocessing = 0;
		};
		093B9B031B50E2D500C2ABD0 /* Sources */ = {
			isa = PBXSourcesBuildPhase;
			buildActionMask = 2147483647;
			files = (
				093B9B0E1B50E2D500C2ABD0 /* BusterTests.m in Sources */,
			);
			runOnlyForDeploymentPostprocessing = 0;
		};
/* End PBXSourcesBuildPhase section */

/* Begin PBXTargetDependency section */
		093B9B091B50E2D500C2ABD0 /* PBXTargetDependency */ = {
			isa = PBXTargetDependency;
			target = 093B9AF01B50E2D500C2ABD0 /* Buster */;
			targetProxy = 093B9B081B50E2D500C2ABD0 /* PBXContainerItemProxy */;
		};
/* End PBXTargetDependency section */

/* Begin PBXVariantGroup section */
		093B9B001B50E2D500C2ABD0 /* Main.storyboard */ = {
			isa = PBXVariantGroup;
			children = (
				093B9B011B50E2D500C2ABD0 /* Base */,
			);
			name = Main.storyboard;
			sourceTree = "<group>";
		};
/* End PBXVariantGroup section */

/* Begin XCBuildConfiguration section */
		0912B9841B9CF0D600A5D84A /* Beta */ = {
			isa = XCBuildConfiguration;
			buildSettings = {
				ALWAYS_SEARCH_USER_PATHS = NO;
				CLANG_CXX_LANGUAGE_STANDARD = "gnu++0x";
				CLANG_CXX_LIBRARY = "libc++";
				CLANG_ENABLE_MODULES = YES;
				CLANG_ENABLE_OBJC_ARC = YES;
				CLANG_WARN_BOOL_CONVERSION = YES;
				CLANG_WARN_CONSTANT_CONVERSION = YES;
				CLANG_WARN_DIRECT_OBJC_ISA_USAGE = YES_ERROR;
				CLANG_WARN_EMPTY_BODY = YES;
				CLANG_WARN_ENUM_CONVERSION = YES;
				CLANG_WARN_INFINITE_RECURSION = YES;
				CLANG_WARN_INT_CONVERSION = YES;
				CLANG_WARN_OBJC_ROOT_CLASS = YES_ERROR;
				CLANG_WARN_SUSPICIOUS_MOVE = YES;
				CLANG_WARN_UNREACHABLE_CODE = YES;
				CLANG_WARN__DUPLICATE_METHOD_MATCH = YES;
				CODE_SIGN_IDENTITY = "-";
				COPY_PHASE_STRIP = NO;
				DEBUG_INFORMATION_FORMAT = "dwarf-with-dsym";
				ENABLE_NS_ASSERTIONS = NO;
				ENABLE_STRICT_OBJC_MSGSEND = YES;
				GCC_C_LANGUAGE_STANDARD = gnu99;
				GCC_NO_COMMON_BLOCKS = YES;
				GCC_WARN_64_TO_32_BIT_CONVERSION = YES;
				GCC_WARN_ABOUT_RETURN_TYPE = YES_ERROR;
				GCC_WARN_UNDECLARED_SELECTOR = YES;
				GCC_WARN_UNINITIALIZED_AUTOS = YES_AGGRESSIVE;
				GCC_WARN_UNUSED_FUNCTION = YES;
				GCC_WARN_UNUSED_VARIABLE = YES;
				MACOSX_DEPLOYMENT_TARGET = 10.12;
				MTL_ENABLE_DEBUG_INFO = NO;
				SDKROOT = macosx;
			};
			name = Beta;
		};
		0912B9851B9CF0D600A5D84A /* Beta */ = {
			isa = XCBuildConfiguration;
			buildSettings = {
				ASSETCATALOG_COMPILER_APPICON_NAME = AppIcon;
				CLANG_WARN_ASSIGN_ENUM = NO;
				CLANG_WARN_IMPLICIT_SIGN_CONVERSION = NO;
				CLANG_WARN_NULLABLE_TO_NONNULL_CONVERSION = NO;
				CLANG_WARN_SUSPICIOUS_IMPLICIT_CONVERSION = YES;
				CODE_SIGN_ENTITLEMENTS = Buster/Buster.entitlements;
				CODE_SIGN_IDENTITY = "Mac Developer: Jeremy McDermond (3R68W65G4N)";
				COMBINE_HIDPI_IMAGES = YES;
				ENABLE_NS_ASSERTIONS = YES;
				FRAMEWORK_SEARCH_PATHS = (
					"$(inherited)",
					"$(PROJECT_DIR)/HockeySDK-Mac",
				);
				GCC_PRECOMPILE_PREFIX_HEADER = YES;
				GCC_PREFIX_HEADER = Buster/Prefix.pch;
				GCC_TREAT_WARNINGS_AS_ERRORS = YES;
				GCC_WARN_ABOUT_MISSING_NEWLINE = NO;
				GCC_WARN_ABOUT_MISSING_PROTOTYPES = YES;
				GCC_WARN_INITIALIZER_NOT_FULLY_BRACKETED = YES;
				GCC_WARN_PEDANTIC = NO;
				GCC_WARN_SHADOW = YES;
				GCC_WARN_SIGN_COMPARE = NO;
				GCC_WARN_UNUSED_LABEL = YES;
				GCC_WARN_UNUSED_PARAMETER = NO;
				GCC_WARN_UNUSED_VARIABLE = YES;
				INFOPLIST_FILE = Buster/Info.plist;
				LD_RUNPATH_SEARCH_PATHS = "$(inherited) @executable_path/../Frameworks";
				PRODUCT_BUNDLE_IDENTIFIER = "net.nh6z.$(PRODUCT_NAME:rfc1034identifier)";
				PRODUCT_NAME = Buster;
				PROVISIONING_PROFILE = "c0668731-c3de-40f6-b3c3-242954814f48";
			};
			name = Beta;
		};
		0912B9861B9CF0D600A5D84A /* Beta */ = {
			isa = XCBuildConfiguration;
			buildSettings = {
				BUNDLE_LOADER = "$(TEST_HOST)";
				COMBINE_HIDPI_IMAGES = YES;
				FRAMEWORK_SEARCH_PATHS = (
					"$(DEVELOPER_FRAMEWORKS_DIR)",
					"$(inherited)",
				);
				INFOPLIST_FILE = BusterTests/Info.plist;
				LD_RUNPATH_SEARCH_PATHS = "$(inherited) @executable_path/../Frameworks @loader_path/../Frameworks";
				PRODUCT_BUNDLE_IDENTIFIER = "net.nh6z.$(PRODUCT_NAME:rfc1034identifier)";
				PRODUCT_NAME = BusterTests;
				TEST_HOST = "$(BUILT_PRODUCTS_DIR)/Buster.app/Contents/MacOS/Buster";
			};
			name = Beta;
		};
		093B9B0F1B50E2D500C2ABD0 /* Debug */ = {
			isa = XCBuildConfiguration;
			buildSettings = {
				ALWAYS_SEARCH_USER_PATHS = NO;
				CLANG_CXX_LANGUAGE_STANDARD = "gnu++0x";
				CLANG_CXX_LIBRARY = "libc++";
				CLANG_ENABLE_MODULES = YES;
				CLANG_ENABLE_OBJC_ARC = YES;
				CLANG_WARN_BOOL_CONVERSION = YES;
				CLANG_WARN_CONSTANT_CONVERSION = YES;
				CLANG_WARN_DIRECT_OBJC_ISA_USAGE = YES_ERROR;
				CLANG_WARN_EMPTY_BODY = YES;
				CLANG_WARN_ENUM_CONVERSION = YES;
				CLANG_WARN_INFINITE_RECURSION = YES;
				CLANG_WARN_INT_CONVERSION = YES;
				CLANG_WARN_OBJC_ROOT_CLASS = YES_ERROR;
				CLANG_WARN_SUSPICIOUS_MOVE = YES;
				CLANG_WARN_UNREACHABLE_CODE = YES;
				CLANG_WARN__DUPLICATE_METHOD_MATCH = YES;
				CODE_SIGN_IDENTITY = "-";
				COPY_PHASE_STRIP = NO;
				DEBUG_INFORMATION_FORMAT = dwarf;
				ENABLE_STRICT_OBJC_MSGSEND = YES;
				ENABLE_TESTABILITY = YES;
				GCC_C_LANGUAGE_STANDARD = gnu99;
				GCC_DYNAMIC_NO_PIC = NO;
				GCC_NO_COMMON_BLOCKS = YES;
				GCC_OPTIMIZATION_LEVEL = 0;
				GCC_PREPROCESSOR_DEFINITIONS = (
					"DEBUG=1",
					"$(inherited)",
				);
				GCC_SYMBOLS_PRIVATE_EXTERN = NO;
				GCC_WARN_64_TO_32_BIT_CONVERSION = YES;
				GCC_WARN_ABOUT_RETURN_TYPE = YES_ERROR;
				GCC_WARN_UNDECLARED_SELECTOR = YES;
				GCC_WARN_UNINITIALIZED_AUTOS = YES_AGGRESSIVE;
				GCC_WARN_UNUSED_FUNCTION = YES;
				GCC_WARN_UNUSED_VARIABLE = YES;
				MACOSX_DEPLOYMENT_TARGET = 10.12;
				MTL_ENABLE_DEBUG_INFO = YES;
				ONLY_ACTIVE_ARCH = YES;
				SDKROOT = macosx;
			};
			name = Debug;
		};
		093B9B101B50E2D500C2ABD0 /* Release */ = {
			isa = XCBuildConfiguration;
			buildSettings = {
				ALWAYS_SEARCH_USER_PATHS = NO;
				CLANG_CXX_LANGUAGE_STANDARD = "gnu++0x";
				CLANG_CXX_LIBRARY = "libc++";
				CLANG_ENABLE_MODULES = YES;
				CLANG_ENABLE_OBJC_ARC = YES;
				CLANG_WARN_BOOL_CONVERSION = YES;
				CLANG_WARN_CONSTANT_CONVERSION = YES;
				CLANG_WARN_DIRECT_OBJC_ISA_USAGE = YES_ERROR;
				CLANG_WARN_EMPTY_BODY = YES;
				CLANG_WARN_ENUM_CONVERSION = YES;
				CLANG_WARN_INFINITE_RECURSION = YES;
				CLANG_WARN_INT_CONVERSION = YES;
				CLANG_WARN_OBJC_ROOT_CLASS = YES_ERROR;
				CLANG_WARN_SUSPICIOUS_MOVE = YES;
				CLANG_WARN_UNREACHABLE_CODE = YES;
				CLANG_WARN__DUPLICATE_METHOD_MATCH = YES;
				CODE_SIGN_IDENTITY = "-";
				COPY_PHASE_STRIP = NO;
				DEBUG_INFORMATION_FORMAT = "dwarf-with-dsym";
				ENABLE_NS_ASSERTIONS = NO;
				ENABLE_STRICT_OBJC_MSGSEND = YES;
				GCC_C_LANGUAGE_STANDARD = gnu99;
				GCC_NO_COMMON_BLOCKS = YES;
				GCC_WARN_64_TO_32_BIT_CONVERSION = YES;
				GCC_WARN_ABOUT_RETURN_TYPE = YES_ERROR;
				GCC_WARN_UNDECLARED_SELECTOR = YES;
				GCC_WARN_UNINITIALIZED_AUTOS = YES_AGGRESSIVE;
				GCC_WARN_UNUSED_FUNCTION = YES;
				GCC_WARN_UNUSED_VARIABLE = YES;
				MACOSX_DEPLOYMENT_TARGET = 10.12;
				MTL_ENABLE_DEBUG_INFO = NO;
				SDKROOT = macosx;
			};
			name = Release;
		};
		093B9B121B50E2D500C2ABD0 /* Debug */ = {
			isa = XCBuildConfiguration;
			buildSettings = {
				ASSETCATALOG_COMPILER_APPICON_NAME = AppIcon;
				CLANG_WARN_ASSIGN_ENUM = NO;
				CLANG_WARN_IMPLICIT_SIGN_CONVERSION = NO;
				CLANG_WARN_NULLABLE_TO_NONNULL_CONVERSION = NO;
				CLANG_WARN_SUSPICIOUS_IMPLICIT_CONVERSION = YES;
				CODE_SIGN_ENTITLEMENTS = Buster/Buster.entitlements;
				CODE_SIGN_IDENTITY = "Mac Developer: Jeremy McDermond (3R68W65G4N)";
				"CODE_SIGN_IDENTITY[sdk=macosx*]" = "Mac Developer";
				COMBINE_HIDPI_IMAGES = YES;
				DEVELOPMENT_TEAM = 45GE4EAF74;
				ENABLE_TESTABILITY = YES;
				FRAMEWORK_SEARCH_PATHS = (
					"$(inherited)",
					"$(PROJECT_DIR)/HockeySDK-Mac",
				);
				GCC_PRECOMPILE_PREFIX_HEADER = YES;
				GCC_PREFIX_HEADER = Buster/Prefix.pch;
				GCC_TREAT_WARNINGS_AS_ERRORS = YES;
				GCC_WARN_ABOUT_MISSING_NEWLINE = NO;
				GCC_WARN_ABOUT_MISSING_PROTOTYPES = YES;
				GCC_WARN_INITIALIZER_NOT_FULLY_BRACKETED = YES;
				GCC_WARN_PEDANTIC = NO;
				GCC_WARN_SHADOW = YES;
				GCC_WARN_SIGN_COMPARE = NO;
				GCC_WARN_UNUSED_LABEL = YES;
				GCC_WARN_UNUSED_PARAMETER = NO;
				GCC_WARN_UNUSED_VARIABLE = YES;
				INFOPLIST_FILE = Buster/Info.plist;
				LD_RUNPATH_SEARCH_PATHS = "$(inherited) @executable_path/../Frameworks";
				PRODUCT_BUNDLE_IDENTIFIER = "net.nh6z.$(PRODUCT_NAME:rfc1034identifier)";
				PRODUCT_NAME = Buster;
				PROVISIONING_PROFILE = "f9f9c1ee-1c63-4af6-950e-bcd01939ec74";
				PROVISIONING_PROFILE_SPECIFIER = "Wildcard App Profile";
			};
			name = Debug;
		};
		093B9B131B50E2D500C2ABD0 /* Release */ = {
			isa = XCBuildConfiguration;
			buildSettings = {
				ASSETCATALOG_COMPILER_APPICON_NAME = AppIcon;
				CLANG_WARN_ASSIGN_ENUM = NO;
				CLANG_WARN_IMPLICIT_SIGN_CONVERSION = NO;
				CLANG_WARN_NULLABLE_TO_NONNULL_CONVERSION = NO;
				CLANG_WARN_SUSPICIOUS_IMPLICIT_CONVERSION = YES;
				CODE_SIGN_ENTITLEMENTS = Buster/Buster.entitlements;
				CODE_SIGN_IDENTITY = "Mac Developer: Jeremy McDermond (3R68W65G4N)";
				"CODE_SIGN_IDENTITY[sdk=macosx*]" = "Mac Developer";
				COMBINE_HIDPI_IMAGES = YES;
				DEVELOPMENT_TEAM = 45GE4EAF74;
				ENABLE_NS_ASSERTIONS = NO;
				ENABLE_TESTABILITY = YES;
				FRAMEWORK_SEARCH_PATHS = (
					"$(inherited)",
					"$(PROJECT_DIR)/HockeySDK-Mac",
				);
				GCC_PRECOMPILE_PREFIX_HEADER = YES;
				GCC_PREFIX_HEADER = Buster/Prefix.pch;
				GCC_TREAT_WARNINGS_AS_ERRORS = YES;
				GCC_WARN_ABOUT_MISSING_NEWLINE = NO;
				GCC_WARN_ABOUT_MISSING_PROTOTYPES = YES;
				GCC_WARN_INITIALIZER_NOT_FULLY_BRACKETED = YES;
				GCC_WARN_PEDANTIC = NO;
				GCC_WARN_SHADOW = YES;
				GCC_WARN_SIGN_COMPARE = NO;
				GCC_WARN_UNUSED_LABEL = YES;
				GCC_WARN_UNUSED_PARAMETER = NO;
				GCC_WARN_UNUSED_VARIABLE = YES;
				INFOPLIST_FILE = Buster/Info.plist;
				LD_RUNPATH_SEARCH_PATHS = "$(inherited) @executable_path/../Frameworks";
				PRODUCT_BUNDLE_IDENTIFIER = "net.nh6z.$(PRODUCT_NAME:rfc1034identifier)";
				PRODUCT_NAME = Buster;
				PROVISIONING_PROFILE = "f9f9c1ee-1c63-4af6-950e-bcd01939ec74";
				PROVISIONING_PROFILE_SPECIFIER = "Wildcard App Profile";
			};
			name = Release;
		};
		093B9B151B50E2D500C2ABD0 /* Debug */ = {
			isa = XCBuildConfiguration;
			buildSettings = {
				BUNDLE_LOADER = "$(TEST_HOST)";
				COMBINE_HIDPI_IMAGES = YES;
				FRAMEWORK_SEARCH_PATHS = (
					"$(DEVELOPER_FRAMEWORKS_DIR)",
					"$(inherited)",
				);
				GCC_PREPROCESSOR_DEFINITIONS = (
					"DEBUG=1",
					"$(inherited)",
				);
				INFOPLIST_FILE = BusterTests/Info.plist;
				LD_RUNPATH_SEARCH_PATHS = "$(inherited) @executable_path/../Frameworks @loader_path/../Frameworks";
				PRODUCT_BUNDLE_IDENTIFIER = "net.nh6z.$(PRODUCT_NAME:rfc1034identifier)";
				PRODUCT_NAME = BusterTests;
				TEST_HOST = "$(BUILT_PRODUCTS_DIR)/Buster.app/Contents/MacOS/Buster";
			};
			name = Debug;
		};
		093B9B161B50E2D500C2ABD0 /* Release */ = {
			isa = XCBuildConfiguration;
			buildSettings = {
				BUNDLE_LOADER = "$(TEST_HOST)";
				COMBINE_HIDPI_IMAGES = YES;
				FRAMEWORK_SEARCH_PATHS = (
					"$(DEVELOPER_FRAMEWORKS_DIR)",
					"$(inherited)",
				);
				INFOPLIST_FILE = BusterTests/Info.plist;
				LD_RUNPATH_SEARCH_PATHS = "$(inherited) @executable_path/../Frameworks @loader_path/../Frameworks";
				PRODUCT_BUNDLE_IDENTIFIER = "net.nh6z.$(PRODUCT_NAME:rfc1034identifier)";
				PRODUCT_NAME = BusterTests;
				TEST_HOST = "$(BUILT_PRODUCTS_DIR)/Buster.app/Contents/MacOS/Buster";
			};
			name = Release;
		};
/* End XCBuildConfiguration section */

/* Begin XCConfigurationList section */
		093B9AEC1B50E2D400C2ABD0 /* Build configuration list for PBXProject "Buster" */ = {
			isa = XCConfigurationList;
			buildConfigurations = (
				093B9B0F1B50E2D500C2ABD0 /* Debug */,
				093B9B101B50E2D500C2ABD0 /* Release */,
				0912B9841B9CF0D600A5D84A /* Beta */,
			);
			defaultConfigurationIsVisible = 0;
			defaultConfigurationName = Release;
		};
		093B9B111B50E2D500C2ABD0 /* Build configuration list for PBXNativeTarget "Buster" */ = {
			isa = XCConfigurationList;
			buildConfigurations = (
				093B9B121B50E2D500C2ABD0 /* Debug */,
				093B9B131B50E2D500C2ABD0 /* Release */,
				0912B9851B9CF0D600A5D84A /* Beta */,
			);
			defaultConfigurationIsVisible = 0;
			defaultConfigurationName = Release;
		};
		093B9B141B50E2D500C2ABD0 /* Build configuration list for PBXNativeTarget "BusterTests" */ = {
			isa = XCConfigurationList;
			buildConfigurations = (
				093B9B151B50E2D500C2ABD0 /* Debug */,
				093B9B161B50E2D500C2ABD0 /* Release */,
				0912B9861B9CF0D600A5D84A /* Beta */,
			);
			defaultConfigurationIsVisible = 0;
			defaultConfigurationName = Release;
		};
/* End XCConfigurationList section */
	};
	rootObject = 093B9AE91B50E2D400C2ABD0 /* Project object */;
}
